
Microsoft Visual Studio Solution File, Format Version 12.00
# Visual Studio Version 17
VisualStudioVersion = 17.12.35707.178
MinimumVisualStudioVersion = 10.0.40219.1
Project("{8BC9CEB8-8B4A-11D0-8D11-00A0C91BC942}") = "ZeroHour-AllStars", "ZeroHour-AllStars.vcxproj", "{1BF80399-C9E3-464C-9263-CFB3C432B74C}"
EndProject
Project("{8BC9CEB8-8B4A-11D0-8D11-00A0C91BC942}") = "WWDebug", "WWVegas\WWDebug.vcxproj", "{4E83553C-D499-4D91-B744-5AAC6986A33B}"
EndProject
Project("{8BC9CEB8-8B4A-11D0-8D11-00A0C91BC942}") = "WWLib", "WWVegas\WWLib.vcxproj", "{441114DE-F54C-4876-978A-C288103CEEA0}"
EndProject
Project("{8BC9CEB8-8B4A-11D0-8D11-00A0C91BC942}") = "WWUtil", "WWVegas\WWUtil.vcxproj", "{BB333CD2-42E0-4787-8C7F-1ADD61DAF031}"
EndProject
Project("{8BC9CEB8-8B4A-11D0-8D11-00A0C91BC942}") = "WWMath", "WWVegas\WWMath.vcxproj", "{034E07EF-9C39-4A94-9BC9-E19B18996951}"
EndProject
Project("{8BC9CEB8-8B4A-11D0-8D11-00A0C91BC942}") = "WWSaveLoad", "WWVegas\WWSaveLoad.vcxproj", "{86908043-4887-4A76-8DA4-3350E9932E32}"
EndProject
Project("{2150E333-8FDC-42A3-9474-1A3956D46DE8}") = "WWVegas", "WWVegas", "{02EA681E-C7D8-13C7-8484-4AC65E1B71E8}"
EndProject
Global
	GlobalSection(SolutionConfigurationPlatforms) = preSolution
		Debug|Win32 = Debug|Win32
		Release|Win32 = Release|Win32
	EndGlobalSection
	GlobalSection(ProjectConfigurationPlatforms) = postSolution
		{1BF80399-C9E3-464C-9263-CFB3C432B74C}.Debug|Win32.ActiveCfg = Debug|Win32
		{1BF80399-C9E3-464C-9263-CFB3C432B74C}.Debug|Win32.Build.0 = Debug|Win32
		{1BF80399-C9E3-464C-9263-CFB3C432B74C}.Release|Win32.ActiveCfg = Debug|Win32
		{4E83553C-D499-4D91-B744-5AAC6986A33B}.Debug|Win32.ActiveCfg = Debug|Win32
		{4E83553C-D499-4D91-B744-5AAC6986A33B}.Debug|Win32.Build.0 = Debug|Win32
		{4E83553C-D499-4D91-B744-5AAC6986A33B}.Release|Win32.ActiveCfg = Release|Win32
		{4E83553C-D499-4D91-B744-5AAC6986A33B}.Release|Win32.Build.0 = Release|Win32
		{441114DE-F54C-4876-978A-C288103CEEA0}.Debug|Win32.ActiveCfg = Debug|Win32
		{441114DE-F54C-4876-978A-C288103CEEA0}.Debug|Win32.Build.0 = Debug|Win32
		{441114DE-F54C-4876-978A-C288103CEEA0}.Release|Win32.ActiveCfg = Release|Win32
		{441114DE-F54C-4876-978A-C288103CEEA0}.Release|Win32.Build.0 = Release|Win32
		{BB333CD2-42E0-4787-8C7F-1ADD61DAF031}.Debug|Win32.ActiveCfg = Debug|Win32
		{BB333CD2-42E0-4787-8C7F-1ADD61DAF031}.Debug|Win32.Build.0 = Debug|Win32
		{BB333CD2-42E0-4787-8C7F-1ADD61DAF031}.Release|Win32.ActiveCfg = Release|Win32
		{BB333CD2-42E0-4787-8C7F-1ADD61DAF031}.Release|Win32.Build.0 = Release|Win32
		{034E07EF-9C39-4A94-9BC9-E19B18996951}.Debug|Win32.ActiveCfg = Debug|Win32
		{034E07EF-9C39-4A94-9BC9-E19B18996951}.Debug|Win32.Build.0 = Debug|Win32
		{034E07EF-9C39-4A94-9BC9-E19B18996951}.Release|Win32.ActiveCfg = Release|Win32
		{034E07EF-9C39-4A94-9BC9-E19B18996951}.Release|Win32.Build.0 = Release|Win32
		{86908043-4887-4A76-8DA4-3350E9932E32}.Debug|Win32.ActiveCfg = Debug|Win32
		{86908043-4887-4A76-8DA4-3350E9932E32}.Debug|Win32.Build.0 = Debug|Win32
		{86908043-4887-4A76-8DA4-3350E9932E32}.Release|Win32.ActiveCfg = Release|Win32
		{86908043-4887-4A76-8DA4-3350E9932E32}.Release|Win32.Build.0 = Release|Win32
	EndGlobalSection
	GlobalSection(SolutionProperties) = preSolution
		HideSolutionNode = FALSE
	EndGlobalSection
	GlobalSection(NestedProjects) = preSolution
		{4E83553C-D499-4D91-B744-5AAC6986A33B} = {02EA681E-C7D8-13C7-8484-4AC65E1B71E8}
		{441114DE-F54C-4876-978A-C288103CEEA0} = {02EA681E-C7D8-13C7-8484-4AC65E1B71E8}
		{BB333CD2-42E0-4787-8C7F-1ADD61DAF031} = {02EA681E-C7D8-13C7-8484-4AC65E1B71E8}
		{034E07EF-9C39-4A94-9BC9-E19B18996951} = {02EA681E-C7D8-13C7-8484-4AC65E1B71E8}
		{86908043-4887-4A76-8DA4-3350E9932E32} = {02EA681E-C7D8-13C7-8484-4AC65E1B71E8}
	EndGlobalSection
	GlobalSection(ExtensibilityGlobals) = postSolution
		SolutionGuid = {CFDFA4F5-6D89-44C6-A0BC-672932D665C6}
	EndGlobalSection
EndGlobal
