
Microsoft Visual Studio Solution File, Format Version 12.00
# Visual Studio Version 17
VisualStudioVersion = 17.0.31314.256
MinimumVisualStudioVersion = 10.0.40219.1
Project("{8BC9CEB8-8B4A-11D0-8D11-00A0C91BC942}") = "Benchmark", "LIBRARIES\Source\Benchmark\Benchmark.vcxproj", "{26EFDB28-529E-4BFF-9C15-2A9B7D73940C}"
EndProject
Project("{8BC9CEB8-8B4A-11D0-8D11-00A0C91BC942}") = "CRCDiff", "Tools\CRCDiff\CRCDiff.vcxproj", "{C8F6F16C-A8B8-4B7A-90F8-5D00809084D4}"
EndProject
Project("{8BC9CEB8-8B4A-11D0-8D11-00A0C91BC942}") = "Compression", "Libraries\Source\Compression\Compression.vcxproj", "{E5F17CFF-665F-448E-A79F-D9A387903AF0}"
EndProject
Project("{8BC9CEB8-8B4A-11D0-8D11-00A0C91BC942}") = "DatGen", "Tools\Launcher\DatGen\DatGen.vcxproj", "{4B9D5F10-1E4C-451E-8BF6-578462E2D1DD}"
EndProject
Project("{8BC9CEB8-8B4A-11D0-8D11-00A0C91BC942}") = "DebugWindow", "Tools\DebugWindow\DebugWindow.vcxproj", "{E0383599-1176-4549-89B7-047B4B823CE5}"
EndProject
Project("{8BC9CEB8-8B4A-11D0-8D11-00A0C91BC942}") = "EABrowserDispatch", "Libraries\Source\EABrowserDispatch\EABrowserDispatch.vcxproj", "{3CB46150-0E65-4E8E-8838-1C938A81EBF6}"
EndProject
Project("{8BC9CEB8-8B4A-11D0-8D11-00A0C91BC942}") = "GUIEdit", "Tools\GUIEdit\GUIEdit.vcxproj", "{09DB7EDC-6586-4C2C-ADF6-4D1E8670221D}"
EndProject
Project("{8BC9CEB8-8B4A-11D0-8D11-00A0C91BC942}") = "GameEngine", "GameEngine\GameEngine.vcxproj", "{BC1412EF-8D8C-45DD-A81D-B05DD7983F33}"
EndProject
Project("{8BC9CEB8-8B4A-11D0-8D11-00A0C91BC942}") = "GameEngineDevice", "GameEngineDevice\GameEngineDevice.vcxproj", "{A823F378-7094-47D5-899B-C97813506BA0}"
EndProject
Project("{059D6162-CD51-11D0-AE1F-00A0C90FFFC3}") = "GameSpyHTTP", "Libraries\Source\GameSpy\GameSpy\ghttp\GameSpyHTTP.dsp", "{341E8F78-7AE7-47B1-ABBF-A712030FE113}"
EndProject
Project("{059D6162-CD51-11D0-AE1F-00A0C90FFFC3}") = "GameSpyPatching", "Libraries\Source\GameSpy\GameSpy\pt\GameSpyPatching.dsp", "{B259EBFE-1227-49F8-9DE3-321DCB5DDD1F}"
EndProject
Project("{059D6162-CD51-11D0-AE1F-00A0C90FFFC3}") = "GameSpyPeer", "Libraries\Source\GameSpy\GameSpy\peer\GameSpyPeer.dsp", "{4CE77980-A8D7-4C05-9E97-F8C8396B3272}"
EndProject
Project("{059D6162-CD51-11D0-AE1F-00A0C90FFFC3}") = "GameSpyPresence", "Libraries\Source\GameSpy\GameSpy\gp\GameSpyPresence.dsp", "{65035C6D-5615-4883-8F56-3A51679AC724}"
EndProject
Project("{059D6162-CD51-11D0-AE1F-00A0C90FFFC3}") = "GameSpyStats", "Libraries\Source\GameSpy\GameSpy\gstats\GameSpyStats.dsp", "{A73B54AD-76CD-4353-B679-0ABA1DE7F82A}"
EndProject
Project("{8BC9CEB8-8B4A-11D0-8D11-00A0C91BC942}") = "ImagePacker", "Tools\ImagePacker\ImagePacker.vcxproj", "{45E57E4B-06A3-4468-BB1A-0F526F8DF9DC}"
EndProject
Project("{8BC9CEB8-8B4A-11D0-8D11-00A0C91BC942}") = "MapCacheBuilder", "Tools\MapCacheBuilder\MapCacheBuilder.vcxproj", "{4BF9B231-4D37-479A-BCAE-978002302D9C}"
EndProject
Project("{8BC9CEB8-8B4A-11D0-8D11-00A0C91BC942}") = "ParticleEditor", "Tools\ParticleEditor\ParticleEditor.vcxproj", "{8A52F612-EC01-4630-AA05-0388481A2F31}"
EndProject
Project("{8BC9CEB8-8B4A-11D0-8D11-00A0C91BC942}") = "RTS", "RTS.vcxproj", "{E95F1B52-81BD-4168-8090-C608158CEECB}"
EndProject
Project("{8BC9CEB8-8B4A-11D0-8D11-00A0C91BC942}") = "WWDownload", "Libraries\Source\WWVegas\WWDownload\WWDownload.vcxproj", "{F9B5EA9A-49D8-4887-BD0E-2929E3E2C409}"
EndProject
Project("{8BC9CEB8-8B4A-11D0-8D11-00A0C91BC942}") = "WorldBuilder", "Tools\WorldBuilder\WorldBuilder.vcxproj", "{A886A790-F058-4592-A437-7209BDCCA4A2}"
EndProject
Project("{8BC9CEB8-8B4A-11D0-8D11-00A0C91BC942}") = "assetcull", "Tools\assetcull\assetcull.vcxproj", "{6FA87B54-B728-470B-A1D6-EF79B65A47B5}"
EndProject
Project("{8BC9CEB8-8B4A-11D0-8D11-00A0C91BC942}") = "buildVersionUpdate", "Tools\buildVersionUpdate\buildVersionUpdate.vcxproj", "{692E3B9A-7D6C-4282-866A-BE10FDB5C72F}"
EndProject
Project("{8BC9CEB8-8B4A-11D0-8D11-00A0C91BC942}") = "debug", "Libraries\Source\debug\debug.vcxproj", "{4EE9B92F-2AB4-48B0-B49E-6C9721327CE9}"
EndProject
Project("{8BC9CEB8-8B4A-11D0-8D11-00A0C91BC942}") = "launcher", "Tools\Launcher\launcher.vcxproj", "{BDF3B471-E3E5-4CB7-B398-F82204EC5326}"
EndProject
Project("{8BC9CEB8-8B4A-11D0-8D11-00A0C91BC942}") = "patchgrabber", "Tools\PATCHGET\patchgrabber.vcxproj", "{62BB1A6D-1F98-42E7-8D02-292ECE23A6D4}"
EndProject
Project("{8BC9CEB8-8B4A-11D0-8D11-00A0C91BC942}") = "profile", "Libraries\Source\profile\profile.vcxproj", "{9DC90455-60FB-4E36-BF30-F82F83DD5ED9}"
EndProject
Project("{8BC9CEB8-8B4A-11D0-8D11-00A0C91BC942}") = "versionUpdate", "Tools\versionUpdate\versionUpdate.vcxproj", "{A7CAB060-B987-46C6-8ACE-3758E8AD5C19}"
EndProject
Project("{8BC9CEB8-8B4A-11D0-8D11-00A0C91BC942}") = "ww3d2", "Libraries\Source\WWVegas\WW3D2\ww3d2.vcxproj", "{02645924-3B49-4A2C-8C41-BDBF7C63E301}"
EndProject
Project("{8BC9CEB8-8B4A-11D0-8D11-00A0C91BC942}") = "wwdebug", "Libraries\Source\WWVegas\WWDebug\wwdebug.vcxproj", "{49F9C13D-B1A0-4CF5-BF38-4AF186C7CB3B}"
EndProject
Project("{8BC9CEB8-8B4A-11D0-8D11-00A0C91BC942}") = "wwlib", "Libraries\Source\WWVegas\WWLib\wwlib.vcxproj", "{09539BDA-5419-482D-BED3-E0D88EFBFAFD}"
EndProject
Project("{8BC9CEB8-8B4A-11D0-8D11-00A0C91BC942}") = "wwmath", "Libraries\Source\WWVegas\WWMath\wwmath.vcxproj", "{B7020D5F-354D-4B92-A126-C72F451B517F}"
EndProject
Project("{8BC9CEB8-8B4A-11D0-8D11-00A0C91BC942}") = "wwsaveload", "Libraries\Source\WWVegas\WWSaveLoad\wwsaveload.vcxproj", "{2B397B83-F808-42E1-8BDA-EE30C72F5C14}"
EndProject
Project("{8BC9CEB8-8B4A-11D0-8D11-00A0C91BC942}") = "wwshade", "Libraries\Source\WWVegas\wwshade\wwshade.vcxproj", "{EFD9022D-D46D-4180-A1BF-C5576DA25DA1}"
EndProject
Project("{8BC9CEB8-8B4A-11D0-8D11-00A0C91BC942}") = "wwutil", "Libraries\Source\WWVegas\Wwutil\wwutil.vcxproj", "{81C8F073-E4AE-4E16-9BA9-3A1423384967}"
EndProject
Global
	GlobalSection(SolutionConfigurationPlatforms) = preSolution
		Debug|x86 = Debug|x86
		DebugE|x86 = DebugE|x86
		DebugW3D|x86 = DebugW3D|x86
		French|x86 = French|x86
		German|x86 = German|x86
		Internal|x86 = Internal|x86
		Profile|x86 = Profile|x86
		ProfileE|x86 = ProfileE|x86
		Release|x86 = Release|x86
		Spanish|x86 = Spanish|x86
		Template|x86 = Template|x86
	EndGlobalSection
	GlobalSection(ProjectConfigurationPlatforms) = postSolution
		{26EFDB28-529E-4BFF-9C15-2A9B7D73940C}.Debug|x86.ActiveCfg = Debug|Win32
		{26EFDB28-529E-4BFF-9C15-2A9B7D73940C}.Debug|x86.Build.0 = Debug|Win32
		{26EFDB28-529E-4BFF-9C15-2A9B7D73940C}.DebugE|x86.ActiveCfg = Debug|Win32
		{26EFDB28-529E-4BFF-9C15-2A9B7D73940C}.DebugE|x86.Build.0 = Debug|Win32
		{26EFDB28-529E-4BFF-9C15-2A9B7D73940C}.DebugW3D|x86.ActiveCfg = Debug|Win32
		{26EFDB28-529E-4BFF-9C15-2A9B7D73940C}.DebugW3D|x86.Build.0 = Debug|Win32
		{26EFDB28-529E-4BFF-9C15-2A9B7D73940C}.French|x86.ActiveCfg = Debug|Win32
		{26EFDB28-529E-4BFF-9C15-2A9B7D73940C}.French|x86.Build.0 = Debug|Win32
		{26EFDB28-529E-4BFF-9C15-2A9B7D73940C}.German|x86.ActiveCfg = Debug|Win32
		{26EFDB28-529E-4BFF-9C15-2A9B7D73940C}.German|x86.Build.0 = Debug|Win32
		{26EFDB28-529E-4BFF-9C15-2A9B7D73940C}.Internal|x86.ActiveCfg = Debug|Win32
		{26EFDB28-529E-4BFF-9C15-2A9B7D73940C}.Internal|x86.Build.0 = Debug|Win32
		{26EFDB28-529E-4BFF-9C15-2A9B7D73940C}.Profile|x86.ActiveCfg = Debug|Win32
		{26EFDB28-529E-4BFF-9C15-2A9B7D73940C}.Profile|x86.Build.0 = Debug|Win32
		{26EFDB28-529E-4BFF-9C15-2A9B7D73940C}.ProfileE|x86.ActiveCfg = Debug|Win32
		{26EFDB28-529E-4BFF-9C15-2A9B7D73940C}.ProfileE|x86.Build.0 = Debug|Win32
		{26EFDB28-529E-4BFF-9C15-2A9B7D73940C}.Release|x86.ActiveCfg = Release|Win32
		{26EFDB28-529E-4BFF-9C15-2A9B7D73940C}.Release|x86.Build.0 = Release|Win32
		{26EFDB28-529E-4BFF-9C15-2A9B7D73940C}.Spanish|x86.ActiveCfg = Debug|Win32
		{26EFDB28-529E-4BFF-9C15-2A9B7D73940C}.Spanish|x86.Build.0 = Debug|Win32
		{26EFDB28-529E-4BFF-9C15-2A9B7D73940C}.Template|x86.ActiveCfg = Debug|Win32
		{26EFDB28-529E-4BFF-9C15-2A9B7D73940C}.Template|x86.Build.0 = Debug|Win32
		{C8F6F16C-A8B8-4B7A-90F8-5D00809084D4}.Debug|x86.ActiveCfg = Debug|Win32
		{C8F6F16C-A8B8-4B7A-90F8-5D00809084D4}.Debug|x86.Build.0 = Debug|Win32
		{C8F6F16C-A8B8-4B7A-90F8-5D00809084D4}.DebugE|x86.ActiveCfg = Debug|Win32
		{C8F6F16C-A8B8-4B7A-90F8-5D00809084D4}.DebugE|x86.Build.0 = Debug|Win32
		{C8F6F16C-A8B8-4B7A-90F8-5D00809084D4}.DebugW3D|x86.ActiveCfg = Debug|Win32
		{C8F6F16C-A8B8-4B7A-90F8-5D00809084D4}.DebugW3D|x86.Build.0 = Debug|Win32
		{C8F6F16C-A8B8-4B7A-90F8-5D00809084D4}.French|x86.ActiveCfg = Debug|Win32
		{C8F6F16C-A8B8-4B7A-90F8-5D00809084D4}.French|x86.Build.0 = Debug|Win32
		{C8F6F16C-A8B8-4B7A-90F8-5D00809084D4}.German|x86.ActiveCfg = Debug|Win32
		{C8F6F16C-A8B8-4B7A-90F8-5D00809084D4}.German|x86.Build.0 = Debug|Win32
		{C8F6F16C-A8B8-4B7A-90F8-5D00809084D4}.Internal|x86.ActiveCfg = Debug|Win32
		{C8F6F16C-A8B8-4B7A-90F8-5D00809084D4}.Internal|x86.Build.0 = Debug|Win32
		{C8F6F16C-A8B8-4B7A-90F8-5D00809084D4}.Profile|x86.ActiveCfg = Debug|Win32
		{C8F6F16C-A8B8-4B7A-90F8-5D00809084D4}.Profile|x86.Build.0 = Debug|Win32
		{C8F6F16C-A8B8-4B7A-90F8-5D00809084D4}.ProfileE|x86.ActiveCfg = Debug|Win32
		{C8F6F16C-A8B8-4B7A-90F8-5D00809084D4}.ProfileE|x86.Build.0 = Debug|Win32
		{C8F6F16C-A8B8-4B7A-90F8-5D00809084D4}.Release|x86.ActiveCfg = Release|Win32
		{C8F6F16C-A8B8-4B7A-90F8-5D00809084D4}.Release|x86.Build.0 = Release|Win32
		{C8F6F16C-A8B8-4B7A-90F8-5D00809084D4}.Spanish|x86.ActiveCfg = Debug|Win32
		{C8F6F16C-A8B8-4B7A-90F8-5D00809084D4}.Spanish|x86.Build.0 = Debug|Win32
		{C8F6F16C-A8B8-4B7A-90F8-5D00809084D4}.Template|x86.ActiveCfg = Template|Win32
		{C8F6F16C-A8B8-4B7A-90F8-5D00809084D4}.Template|x86.Build.0 = Template|Win32
		{E5F17CFF-665F-448E-A79F-D9A387903AF0}.Debug|x86.ActiveCfg = Debug|Win32
		{E5F17CFF-665F-448E-A79F-D9A387903AF0}.Debug|x86.Build.0 = Debug|Win32
		{E5F17CFF-665F-448E-A79F-D9A387903AF0}.DebugE|x86.ActiveCfg = Debug|Win32
		{E5F17CFF-665F-448E-A79F-D9A387903AF0}.DebugE|x86.Build.0 = Debug|Win32
		{E5F17CFF-665F-448E-A79F-D9A387903AF0}.DebugW3D|x86.ActiveCfg = Debug|Win32
		{E5F17CFF-665F-448E-A79F-D9A387903AF0}.DebugW3D|x86.Build.0 = Debug|Win32
		{E5F17CFF-665F-448E-A79F-D9A387903AF0}.French|x86.ActiveCfg = Debug|Win32
		{E5F17CFF-665F-448E-A79F-D9A387903AF0}.French|x86.Build.0 = Debug|Win32
		{E5F17CFF-665F-448E-A79F-D9A387903AF0}.German|x86.ActiveCfg = Debug|Win32
		{E5F17CFF-665F-448E-A79F-D9A387903AF0}.German|x86.Build.0 = Debug|Win32
		{E5F17CFF-665F-448E-A79F-D9A387903AF0}.Internal|x86.ActiveCfg = Internal|Win32
		{E5F17CFF-665F-448E-A79F-D9A387903AF0}.Internal|x86.Build.0 = Internal|Win32
		{E5F17CFF-665F-448E-A79F-D9A387903AF0}.Profile|x86.ActiveCfg = Debug|Win32
		{E5F17CFF-665F-448E-A79F-D9A387903AF0}.Profile|x86.Build.0 = Debug|Win32
		{E5F17CFF-665F-448E-A79F-D9A387903AF0}.ProfileE|x86.ActiveCfg = Debug|Win32
		{E5F17CFF-665F-448E-A79F-D9A387903AF0}.ProfileE|x86.Build.0 = Debug|Win32
		{E5F17CFF-665F-448E-A79F-D9A387903AF0}.Release|x86.ActiveCfg = Release|Win32
		{E5F17CFF-665F-448E-A79F-D9A387903AF0}.Release|x86.Build.0 = Release|Win32
		{E5F17CFF-665F-448E-A79F-D9A387903AF0}.Spanish|x86.ActiveCfg = Debug|Win32
		{E5F17CFF-665F-448E-A79F-D9A387903AF0}.Spanish|x86.Build.0 = Debug|Win32
		{E5F17CFF-665F-448E-A79F-D9A387903AF0}.Template|x86.ActiveCfg = Template|Win32
		{E5F17CFF-665F-448E-A79F-D9A387903AF0}.Template|x86.Build.0 = Template|Win32
		{4B9D5F10-1E4C-451E-8BF6-578462E2D1DD}.Debug|x86.ActiveCfg = Debug|Win32
		{4B9D5F10-1E4C-451E-8BF6-578462E2D1DD}.Debug|x86.Build.0 = Debug|Win32
		{4B9D5F10-1E4C-451E-8BF6-578462E2D1DD}.DebugE|x86.ActiveCfg = Debug|Win32
		{4B9D5F10-1E4C-451E-8BF6-578462E2D1DD}.DebugE|x86.Build.0 = Debug|Win32
		{4B9D5F10-1E4C-451E-8BF6-578462E2D1DD}.DebugW3D|x86.ActiveCfg = Debug|Win32
		{4B9D5F10-1E4C-451E-8BF6-578462E2D1DD}.DebugW3D|x86.Build.0 = Debug|Win32
		{4B9D5F10-1E4C-451E-8BF6-578462E2D1DD}.French|x86.ActiveCfg = Debug|Win32
		{4B9D5F10-1E4C-451E-8BF6-578462E2D1DD}.French|x86.Build.0 = Debug|Win32
		{4B9D5F10-1E4C-451E-8BF6-578462E2D1DD}.German|x86.ActiveCfg = Debug|Win32
		{4B9D5F10-1E4C-451E-8BF6-578462E2D1DD}.German|x86.Build.0 = Debug|Win32
		{4B9D5F10-1E4C-451E-8BF6-578462E2D1DD}.Internal|x86.ActiveCfg = Debug|Win32
		{4B9D5F10-1E4C-451E-8BF6-578462E2D1DD}.Internal|x86.Build.0 = Debug|Win32
		{4B9D5F10-1E4C-451E-8BF6-578462E2D1DD}.Profile|x86.ActiveCfg = Debug|Win32
		{4B9D5F10-1E4C-451E-8BF6-578462E2D1DD}.Profile|x86.Build.0 = Debug|Win32
		{4B9D5F10-1E4C-451E-8BF6-578462E2D1DD}.ProfileE|x86.ActiveCfg = Debug|Win32
		{4B9D5F10-1E4C-451E-8BF6-578462E2D1DD}.ProfileE|x86.Build.0 = Debug|Win32
		{4B9D5F10-1E4C-451E-8BF6-578462E2D1DD}.Release|x86.ActiveCfg = Release|Win32
		{4B9D5F10-1E4C-451E-8BF6-578462E2D1DD}.Release|x86.Build.0 = Release|Win32
		{4B9D5F10-1E4C-451E-8BF6-578462E2D1DD}.Spanish|x86.ActiveCfg = Debug|Win32
		{4B9D5F10-1E4C-451E-8BF6-578462E2D1DD}.Spanish|x86.Build.0 = Debug|Win32
		{4B9D5F10-1E4C-451E-8BF6-578462E2D1DD}.Template|x86.ActiveCfg = Template|Win32
		{4B9D5F10-1E4C-451E-8BF6-578462E2D1DD}.Template|x86.Build.0 = Template|Win32
		{E0383599-1176-4549-89B7-047B4B823CE5}.Debug|x86.ActiveCfg = Debug|Win32
		{E0383599-1176-4549-89B7-047B4B823CE5}.Debug|x86.Build.0 = Debug|Win32
		{E0383599-1176-4549-89B7-047B4B823CE5}.DebugE|x86.ActiveCfg = Debug|Win32
		{E0383599-1176-4549-89B7-047B4B823CE5}.DebugE|x86.Build.0 = Debug|Win32
		{E0383599-1176-4549-89B7-047B4B823CE5}.DebugW3D|x86.ActiveCfg = Debug|Win32
		{E0383599-1176-4549-89B7-047B4B823CE5}.DebugW3D|x86.Build.0 = Debug|Win32
		{E0383599-1176-4549-89B7-047B4B823CE5}.French|x86.ActiveCfg = Debug|Win32
		{E0383599-1176-4549-89B7-047B4B823CE5}.French|x86.Build.0 = Debug|Win32
		{E0383599-1176-4549-89B7-047B4B823CE5}.German|x86.ActiveCfg = Debug|Win32
		{E0383599-1176-4549-89B7-047B4B823CE5}.German|x86.Build.0 = Debug|Win32
		{E0383599-1176-4549-89B7-047B4B823CE5}.Internal|x86.ActiveCfg = Debug|Win32
		{E0383599-1176-4549-89B7-047B4B823CE5}.Internal|x86.Build.0 = Debug|Win32
		{E0383599-1176-4549-89B7-047B4B823CE5}.Profile|x86.ActiveCfg = Debug|Win32
		{E0383599-1176-4549-89B7-047B4B823CE5}.Profile|x86.Build.0 = Debug|Win32
		{E0383599-1176-4549-89B7-047B4B823CE5}.ProfileE|x86.ActiveCfg = Debug|Win32
		{E0383599-1176-4549-89B7-047B4B823CE5}.ProfileE|x86.Build.0 = Debug|Win32
		{E0383599-1176-4549-89B7-047B4B823CE5}.Release|x86.ActiveCfg = Release|Win32
		{E0383599-1176-4549-89B7-047B4B823CE5}.Release|x86.Build.0 = Release|Win32
		{E0383599-1176-4549-89B7-047B4B823CE5}.Spanish|x86.ActiveCfg = Debug|Win32
		{E0383599-1176-4549-89B7-047B4B823CE5}.Spanish|x86.Build.0 = Debug|Win32
		{E0383599-1176-4549-89B7-047B4B823CE5}.Template|x86.ActiveCfg = Template|Win32
		{E0383599-1176-4549-89B7-047B4B823CE5}.Template|x86.Build.0 = Template|Win32
		{3CB46150-0E65-4E8E-8838-1C938A81EBF6}.Debug|x86.ActiveCfg = Debug|Win32
		{3CB46150-0E65-4E8E-8838-1C938A81EBF6}.Debug|x86.Build.0 = Debug|Win32
		{3CB46150-0E65-4E8E-8838-1C938A81EBF6}.DebugE|x86.ActiveCfg = Debug|Win32
		{3CB46150-0E65-4E8E-8838-1C938A81EBF6}.DebugE|x86.Build.0 = Debug|Win32
		{3CB46150-0E65-4E8E-8838-1C938A81EBF6}.DebugW3D|x86.ActiveCfg = Debug|Win32
		{3CB46150-0E65-4E8E-8838-1C938A81EBF6}.DebugW3D|x86.Build.0 = Debug|Win32
		{3CB46150-0E65-4E8E-8838-1C938A81EBF6}.French|x86.ActiveCfg = Debug|Win32
		{3CB46150-0E65-4E8E-8838-1C938A81EBF6}.French|x86.Build.0 = Debug|Win32
		{3CB46150-0E65-4E8E-8838-1C938A81EBF6}.German|x86.ActiveCfg = Debug|Win32
		{3CB46150-0E65-4E8E-8838-1C938A81EBF6}.German|x86.Build.0 = Debug|Win32
		{3CB46150-0E65-4E8E-8838-1C938A81EBF6}.Internal|x86.ActiveCfg = Internal|Win32
		{3CB46150-0E65-4E8E-8838-1C938A81EBF6}.Internal|x86.Build.0 = Internal|Win32
		{3CB46150-0E65-4E8E-8838-1C938A81EBF6}.Profile|x86.ActiveCfg = Debug|Win32
		{3CB46150-0E65-4E8E-8838-1C938A81EBF6}.Profile|x86.Build.0 = Debug|Win32
		{3CB46150-0E65-4E8E-8838-1C938A81EBF6}.ProfileE|x86.ActiveCfg = Debug|Win32
		{3CB46150-0E65-4E8E-8838-1C938A81EBF6}.ProfileE|x86.Build.0 = Debug|Win32
		{3CB46150-0E65-4E8E-8838-1C938A81EBF6}.Release|x86.ActiveCfg = Release|Win32
		{3CB46150-0E65-4E8E-8838-1C938A81EBF6}.Release|x86.Build.0 = Release|Win32
		{3CB46150-0E65-4E8E-8838-1C938A81EBF6}.Spanish|x86.ActiveCfg = Debug|Win32
		{3CB46150-0E65-4E8E-8838-1C938A81EBF6}.Spanish|x86.Build.0 = Debug|Win32
		{3CB46150-0E65-4E8E-8838-1C938A81EBF6}.Template|x86.ActiveCfg = Template|Win32
		{3CB46150-0E65-4E8E-8838-1C938A81EBF6}.Template|x86.Build.0 = Template|Win32
		{09DB7EDC-6586-4C2C-ADF6-4D1E8670221D}.Debug|x86.ActiveCfg = Debug|Win32
		{09DB7EDC-6586-4C2C-ADF6-4D1E8670221D}.Debug|x86.Build.0 = Debug|Win32
		{09DB7EDC-6586-4C2C-ADF6-4D1E8670221D}.DebugE|x86.ActiveCfg = Debug|Win32
		{09DB7EDC-6586-4C2C-ADF6-4D1E8670221D}.DebugE|x86.Build.0 = Debug|Win32
		{09DB7EDC-6586-4C2C-ADF6-4D1E8670221D}.DebugW3D|x86.ActiveCfg = Debug|Win32
		{09DB7EDC-6586-4C2C-ADF6-4D1E8670221D}.DebugW3D|x86.Build.0 = Debug|Win32
		{09DB7EDC-6586-4C2C-ADF6-4D1E8670221D}.French|x86.ActiveCfg = Debug|Win32
		{09DB7EDC-6586-4C2C-ADF6-4D1E8670221D}.French|x86.Build.0 = Debug|Win32
		{09DB7EDC-6586-4C2C-ADF6-4D1E8670221D}.German|x86.ActiveCfg = Debug|Win32
		{09DB7EDC-6586-4C2C-ADF6-4D1E8670221D}.German|x86.Build.0 = Debug|Win32
		{09DB7EDC-6586-4C2C-ADF6-4D1E8670221D}.Internal|x86.ActiveCfg = Internal|Win32
		{09DB7EDC-6586-4C2C-ADF6-4D1E8670221D}.Internal|x86.Build.0 = Internal|Win32
		{09DB7EDC-6586-4C2C-ADF6-4D1E8670221D}.Profile|x86.ActiveCfg = Debug|Win32
		{09DB7EDC-6586-4C2C-ADF6-4D1E8670221D}.Profile|x86.Build.0 = Debug|Win32
		{09DB7EDC-6586-4C2C-ADF6-4D1E8670221D}.ProfileE|x86.ActiveCfg = Debug|Win32
		{09DB7EDC-6586-4C2C-ADF6-4D1E8670221D}.ProfileE|x86.Build.0 = Debug|Win32
		{09DB7EDC-6586-4C2C-ADF6-4D1E8670221D}.Release|x86.ActiveCfg = Release|Win32
		{09DB7EDC-6586-4C2C-ADF6-4D1E8670221D}.Release|x86.Build.0 = Release|Win32
		{09DB7EDC-6586-4C2C-ADF6-4D1E8670221D}.Spanish|x86.ActiveCfg = Debug|Win32
		{09DB7EDC-6586-4C2C-ADF6-4D1E8670221D}.Spanish|x86.Build.0 = Debug|Win32
		{09DB7EDC-6586-4C2C-ADF6-4D1E8670221D}.Template|x86.ActiveCfg = Template|Win32
		{09DB7EDC-6586-4C2C-ADF6-4D1E8670221D}.Template|x86.Build.0 = Template|Win32
		{BC1412EF-8D8C-45DD-A81D-B05DD7983F33}.Debug|x86.ActiveCfg = Debug|Win32
		{BC1412EF-8D8C-45DD-A81D-B05DD7983F33}.Debug|x86.Build.0 = Debug|Win32
		{BC1412EF-8D8C-45DD-A81D-B05DD7983F33}.DebugE|x86.ActiveCfg = Debug|Win32
		{BC1412EF-8D8C-45DD-A81D-B05DD7983F33}.DebugE|x86.Build.0 = Debug|Win32
		{BC1412EF-8D8C-45DD-A81D-B05DD7983F33}.DebugW3D|x86.ActiveCfg = Debug|Win32
		{BC1412EF-8D8C-45DD-A81D-B05DD7983F33}.DebugW3D|x86.Build.0 = Debug|Win32
		{BC1412EF-8D8C-45DD-A81D-B05DD7983F33}.French|x86.ActiveCfg = Debug|Win32
		{BC1412EF-8D8C-45DD-A81D-B05DD7983F33}.French|x86.Build.0 = Debug|Win32
		{BC1412EF-8D8C-45DD-A81D-B05DD7983F33}.German|x86.ActiveCfg = Debug|Win32
		{BC1412EF-8D8C-45DD-A81D-B05DD7983F33}.German|x86.Build.0 = Debug|Win32
		{BC1412EF-8D8C-45DD-A81D-B05DD7983F33}.Internal|x86.ActiveCfg = Internal|Win32
		{BC1412EF-8D8C-45DD-A81D-B05DD7983F33}.Internal|x86.Build.0 = Internal|Win32
		{BC1412EF-8D8C-45DD-A81D-B05DD7983F33}.Profile|x86.ActiveCfg = Profile|Win32
		{BC1412EF-8D8C-45DD-A81D-B05DD7983F33}.Profile|x86.Build.0 = Profile|Win32
		{BC1412EF-8D8C-45DD-A81D-B05DD7983F33}.ProfileE|x86.ActiveCfg = Profile|Win32
		{BC1412EF-8D8C-45DD-A81D-B05DD7983F33}.ProfileE|x86.Build.0 = Profile|Win32
		{BC1412EF-8D8C-45DD-A81D-B05DD7983F33}.Release|x86.ActiveCfg = Release|Win32
		{BC1412EF-8D8C-45DD-A81D-B05DD7983F33}.Release|x86.Build.0 = Release|Win32
		{BC1412EF-8D8C-45DD-A81D-B05DD7983F33}.Spanish|x86.ActiveCfg = Debug|Win32
		{BC1412EF-8D8C-45DD-A81D-B05DD7983F33}.Spanish|x86.Build.0 = Debug|Win32
		{BC1412EF-8D8C-45DD-A81D-B05DD7983F33}.Template|x86.ActiveCfg = Template|Win32
		{BC1412EF-8D8C-45DD-A81D-B05DD7983F33}.Template|x86.Build.0 = Template|Win32
		{A823F378-7094-47D5-899B-C97813506BA0}.Debug|x86.ActiveCfg = Debug|Win32
		{A823F378-7094-47D5-899B-C97813506BA0}.Debug|x86.Build.0 = Debug|Win32
		{A823F378-7094-47D5-899B-C97813506BA0}.DebugE|x86.ActiveCfg = Debug|Win32
		{A823F378-7094-47D5-899B-C97813506BA0}.DebugE|x86.Build.0 = Debug|Win32
		{A823F378-7094-47D5-899B-C97813506BA0}.DebugW3D|x86.ActiveCfg = Debug|Win32
		{A823F378-7094-47D5-899B-C97813506BA0}.DebugW3D|x86.Build.0 = Debug|Win32
		{A823F378-7094-47D5-899B-C97813506BA0}.French|x86.ActiveCfg = Debug|Win32
		{A823F378-7094-47D5-899B-C97813506BA0}.French|x86.Build.0 = Debug|Win32
		{A823F378-7094-47D5-899B-C97813506BA0}.German|x86.ActiveCfg = Debug|Win32
		{A823F378-7094-47D5-899B-C97813506BA0}.German|x86.Build.0 = Debug|Win32
		{A823F378-7094-47D5-899B-C97813506BA0}.Internal|x86.ActiveCfg = Internal|Win32
		{A823F378-7094-47D5-899B-C97813506BA0}.Internal|x86.Build.0 = Internal|Win32
		{A823F378-7094-47D5-899B-C97813506BA0}.Profile|x86.ActiveCfg = Profile|Win32
		{A823F378-7094-47D5-899B-C97813506BA0}.Profile|x86.Build.0 = Profile|Win32
		{A823F378-7094-47D5-899B-C97813506BA0}.ProfileE|x86.ActiveCfg = Profile|Win32
		{A823F378-7094-47D5-899B-C97813506BA0}.ProfileE|x86.Build.0 = Profile|Win32
		{A823F378-7094-47D5-899B-C97813506BA0}.Release|x86.ActiveCfg = Release|Win32
		{A823F378-7094-47D5-899B-C97813506BA0}.Release|x86.Build.0 = Release|Win32
		{A823F378-7094-47D5-899B-C97813506BA0}.Spanish|x86.ActiveCfg = Debug|Win32
		{A823F378-7094-47D5-899B-C97813506BA0}.Spanish|x86.Build.0 = Debug|Win32
		{A823F378-7094-47D5-899B-C97813506BA0}.Template|x86.ActiveCfg = Template|Win32
		{A823F378-7094-47D5-899B-C97813506BA0}.Template|x86.Build.0 = Template|Win32
		{45E57E4B-06A3-4468-BB1A-0F526F8DF9DC}.Debug|x86.ActiveCfg = Debug|Win32
		{45E57E4B-06A3-4468-BB1A-0F526F8DF9DC}.Debug|x86.Build.0 = Debug|Win32
		{45E57E4B-06A3-4468-BB1A-0F526F8DF9DC}.DebugE|x86.ActiveCfg = Debug|Win32
		{45E57E4B-06A3-4468-BB1A-0F526F8DF9DC}.DebugE|x86.Build.0 = Debug|Win32
		{45E57E4B-06A3-4468-BB1A-0F526F8DF9DC}.DebugW3D|x86.ActiveCfg = Debug|Win32
		{45E57E4B-06A3-4468-BB1A-0F526F8DF9DC}.DebugW3D|x86.Build.0 = Debug|Win32
		{45E57E4B-06A3-4468-BB1A-0F526F8DF9DC}.French|x86.ActiveCfg = Debug|Win32
		{45E57E4B-06A3-4468-BB1A-0F526F8DF9DC}.French|x86.Build.0 = Debug|Win32
		{45E57E4B-06A3-4468-BB1A-0F526F8DF9DC}.German|x86.ActiveCfg = Debug|Win32
		{45E57E4B-06A3-4468-BB1A-0F526F8DF9DC}.German|x86.Build.0 = Debug|Win32
		{45E57E4B-06A3-4468-BB1A-0F526F8DF9DC}.Internal|x86.ActiveCfg = Internal|Win32
		{45E57E4B-06A3-4468-BB1A-0F526F8DF9DC}.Internal|x86.Build.0 = Internal|Win32
		{45E57E4B-06A3-4468-BB1A-0F526F8DF9DC}.Profile|x86.ActiveCfg = Debug|Win32
		{45E57E4B-06A3-4468-BB1A-0F526F8DF9DC}.Profile|x86.Build.0 = Debug|Win32
		{45E57E4B-06A3-4468-BB1A-0F526F8DF9DC}.ProfileE|x86.ActiveCfg = Debug|Win32
		{45E57E4B-06A3-4468-BB1A-0F526F8DF9DC}.ProfileE|x86.Build.0 = Debug|Win32
		{45E57E4B-06A3-4468-BB1A-0F526F8DF9DC}.Release|x86.ActiveCfg = Release|Win32
		{45E57E4B-06A3-4468-BB1A-0F526F8DF9DC}.Release|x86.Build.0 = Release|Win32
		{45E57E4B-06A3-4468-BB1A-0F526F8DF9DC}.Spanish|x86.ActiveCfg = Debug|Win32
		{45E57E4B-06A3-4468-BB1A-0F526F8DF9DC}.Spanish|x86.Build.0 = Debug|Win32
		{45E57E4B-06A3-4468-BB1A-0F526F8DF9DC}.Template|x86.ActiveCfg = Template|Win32
		{45E57E4B-06A3-4468-BB1A-0F526F8DF9DC}.Template|x86.Build.0 = Template|Win32
		{4BF9B231-4D37-479A-BCAE-978002302D9C}.Debug|x86.ActiveCfg = Debug|Win32
		{4BF9B231-4D37-479A-BCAE-978002302D9C}.Debug|x86.Build.0 = Debug|Win32
		{4BF9B231-4D37-479A-BCAE-978002302D9C}.DebugE|x86.ActiveCfg = Debug|Win32
		{4BF9B231-4D37-479A-BCAE-978002302D9C}.DebugE|x86.Build.0 = Debug|Win32
		{4BF9B231-4D37-479A-BCAE-978002302D9C}.DebugW3D|x86.ActiveCfg = Debug|Win32
		{4BF9B231-4D37-479A-BCAE-978002302D9C}.DebugW3D|x86.Build.0 = Debug|Win32
		{4BF9B231-4D37-479A-BCAE-978002302D9C}.French|x86.ActiveCfg = Debug|Win32
		{4BF9B231-4D37-479A-BCAE-978002302D9C}.French|x86.Build.0 = Debug|Win32
		{4BF9B231-4D37-479A-BCAE-978002302D9C}.German|x86.ActiveCfg = Debug|Win32
		{4BF9B231-4D37-479A-BCAE-978002302D9C}.German|x86.Build.0 = Debug|Win32
		{4BF9B231-4D37-479A-BCAE-978002302D9C}.Internal|x86.ActiveCfg = Internal|Win32
		{4BF9B231-4D37-479A-BCAE-978002302D9C}.Internal|x86.Build.0 = Internal|Win32
		{4BF9B231-4D37-479A-BCAE-978002302D9C}.Profile|x86.ActiveCfg = Debug|Win32
		{4BF9B231-4D37-479A-BCAE-978002302D9C}.Profile|x86.Build.0 = Debug|Win32
		{4BF9B231-4D37-479A-BCAE-978002302D9C}.ProfileE|x86.ActiveCfg = Debug|Win32
		{4BF9B231-4D37-479A-BCAE-978002302D9C}.ProfileE|x86.Build.0 = Debug|Win32
		{4BF9B231-4D37-479A-BCAE-978002302D9C}.Release|x86.ActiveCfg = Release|Win32
		{4BF9B231-4D37-479A-BCAE-978002302D9C}.Release|x86.Build.0 = Release|Win32
		{4BF9B231-4D37-479A-BCAE-978002302D9C}.Spanish|x86.ActiveCfg = Debug|Win32
		{4BF9B231-4D37-479A-BCAE-978002302D9C}.Spanish|x86.Build.0 = Debug|Win32
		{4BF9B231-4D37-479A-BCAE-978002302D9C}.Template|x86.ActiveCfg = Template|Win32
		{4BF9B231-4D37-479A-BCAE-978002302D9C}.Template|x86.Build.0 = Template|Win32
		{8A52F612-EC01-4630-AA05-0388481A2F31}.Debug|x86.ActiveCfg = Debug|Win32
		{8A52F612-EC01-4630-AA05-0388481A2F31}.Debug|x86.Build.0 = Debug|Win32
		{8A52F612-EC01-4630-AA05-0388481A2F31}.DebugE|x86.ActiveCfg = Debug|Win32
		{8A52F612-EC01-4630-AA05-0388481A2F31}.DebugE|x86.Build.0 = Debug|Win32
		{8A52F612-EC01-4630-AA05-0388481A2F31}.DebugW3D|x86.ActiveCfg = Debug|Win32
		{8A52F612-EC01-4630-AA05-0388481A2F31}.DebugW3D|x86.Build.0 = Debug|Win32
		{8A52F612-EC01-4630-AA05-0388481A2F31}.French|x86.ActiveCfg = Debug|Win32
		{8A52F612-EC01-4630-AA05-0388481A2F31}.French|x86.Build.0 = Debug|Win32
		{8A52F612-EC01-4630-AA05-0388481A2F31}.German|x86.ActiveCfg = Debug|Win32
		{8A52F612-EC01-4630-AA05-0388481A2F31}.German|x86.Build.0 = Debug|Win32
		{8A52F612-EC01-4630-AA05-0388481A2F31}.Internal|x86.ActiveCfg = Debug|Win32
		{8A52F612-EC01-4630-AA05-0388481A2F31}.Internal|x86.Build.0 = Debug|Win32
		{8A52F612-EC01-4630-AA05-0388481A2F31}.Profile|x86.ActiveCfg = Debug|Win32
		{8A52F612-EC01-4630-AA05-0388481A2F31}.Profile|x86.Build.0 = Debug|Win32
		{8A52F612-EC01-4630-AA05-0388481A2F31}.ProfileE|x86.ActiveCfg = Debug|Win32
		{8A52F612-EC01-4630-AA05-0388481A2F31}.ProfileE|x86.Build.0 = Debug|Win32
		{8A52F612-EC01-4630-AA05-0388481A2F31}.Release|x86.ActiveCfg = Release|Win32
		{8A52F612-EC01-4630-AA05-0388481A2F31}.Release|x86.Build.0 = Release|Win32
		{8A52F612-EC01-4630-AA05-0388481A2F31}.Spanish|x86.ActiveCfg = Debug|Win32
		{8A52F612-EC01-4630-AA05-0388481A2F31}.Spanish|x86.Build.0 = Debug|Win32
		{8A52F612-EC01-4630-AA05-0388481A2F31}.Template|x86.ActiveCfg = Template|Win32
		{8A52F612-EC01-4630-AA05-0388481A2F31}.Template|x86.Build.0 = Template|Win32
		{E95F1B52-81BD-4168-8090-C608158CEECB}.Debug|x86.ActiveCfg = Debug|Win32
		{E95F1B52-81BD-4168-8090-C608158CEECB}.Debug|x86.Build.0 = Debug|Win32
		{E95F1B52-81BD-4168-8090-C608158CEECB}.DebugE|x86.ActiveCfg = Debug|Win32
		{E95F1B52-81BD-4168-8090-C608158CEECB}.DebugE|x86.Build.0 = Debug|Win32
		{E95F1B52-81BD-4168-8090-C608158CEECB}.DebugW3D|x86.ActiveCfg = DebugW3D|Win32
		{E95F1B52-81BD-4168-8090-C608158CEECB}.DebugW3D|x86.Build.0 = DebugW3D|Win32
		{E95F1B52-81BD-4168-8090-C608158CEECB}.French|x86.ActiveCfg = Debug|Win32
		{E95F1B52-81BD-4168-8090-C608158CEECB}.French|x86.Build.0 = Debug|Win32
		{E95F1B52-81BD-4168-8090-C608158CEECB}.German|x86.ActiveCfg = Debug|Win32
		{E95F1B52-81BD-4168-8090-C608158CEECB}.German|x86.Build.0 = Debug|Win32
		{E95F1B52-81BD-4168-8090-C608158CEECB}.Internal|x86.ActiveCfg = Internal|Win32
		{E95F1B52-81BD-4168-8090-C608158CEECB}.Internal|x86.Build.0 = Internal|Win32
		{E95F1B52-81BD-4168-8090-C608158CEECB}.Profile|x86.ActiveCfg = Profile|Win32
		{E95F1B52-81BD-4168-8090-C608158CEECB}.Profile|x86.Build.0 = Profile|Win32
		{E95F1B52-81BD-4168-8090-C608158CEECB}.ProfileE|x86.ActiveCfg = Profile|Win32
		{E95F1B52-81BD-4168-8090-C608158CEECB}.ProfileE|x86.Build.0 = Profile|Win32
		{E95F1B52-81BD-4168-8090-C608158CEECB}.Release|x86.ActiveCfg = Release|Win32
		{E95F1B52-81BD-4168-8090-C608158CEECB}.Release|x86.Build.0 = Release|Win32
		{E95F1B52-81BD-4168-8090-C608158CEECB}.Spanish|x86.ActiveCfg = Debug|Win32
		{E95F1B52-81BD-4168-8090-C608158CEECB}.Spanish|x86.Build.0 = Debug|Win32
		{E95F1B52-81BD-4168-8090-C608158CEECB}.Template|x86.ActiveCfg = Template|Win32
		{E95F1B52-81BD-4168-8090-C608158CEECB}.Template|x86.Build.0 = Template|Win32
		{F9B5EA9A-49D8-4887-BD0E-2929E3E2C409}.Debug|x86.ActiveCfg = Debug|Win32
		{F9B5EA9A-49D8-4887-BD0E-2929E3E2C409}.Debug|x86.Build.0 = Debug|Win32
		{F9B5EA9A-49D8-4887-BD0E-2929E3E2C409}.DebugE|x86.ActiveCfg = Debug|Win32
		{F9B5EA9A-49D8-4887-BD0E-2929E3E2C409}.DebugE|x86.Build.0 = Debug|Win32
		{F9B5EA9A-49D8-4887-BD0E-2929E3E2C409}.DebugW3D|x86.ActiveCfg = Debug|Win32
		{F9B5EA9A-49D8-4887-BD0E-2929E3E2C409}.DebugW3D|x86.Build.0 = Debug|Win32
		{F9B5EA9A-49D8-4887-BD0E-2929E3E2C409}.French|x86.ActiveCfg = Debug|Win32
		{F9B5EA9A-49D8-4887-BD0E-2929E3E2C409}.French|x86.Build.0 = Debug|Win32
		{F9B5EA9A-49D8-4887-BD0E-2929E3E2C409}.German|x86.ActiveCfg = Debug|Win32
		{F9B5EA9A-49D8-4887-BD0E-2929E3E2C409}.German|x86.Build.0 = Debug|Win32
		{F9B5EA9A-49D8-4887-BD0E-2929E3E2C409}.Internal|x86.ActiveCfg = Internal|Win32
		{F9B5EA9A-49D8-4887-BD0E-2929E3E2C409}.Internal|x86.Build.0 = Internal|Win32
		{F9B5EA9A-49D8-4887-BD0E-2929E3E2C409}.Profile|x86.ActiveCfg = Debug|Win32
		{F9B5EA9A-49D8-4887-BD0E-2929E3E2C409}.Profile|x86.Build.0 = Debug|Win32
		{F9B5EA9A-49D8-4887-BD0E-2929E3E2C409}.ProfileE|x86.ActiveCfg = Debug|Win32
		{F9B5EA9A-49D8-4887-BD0E-2929E3E2C409}.ProfileE|x86.Build.0 = Debug|Win32
		{F9B5EA9A-49D8-4887-BD0E-2929E3E2C409}.Release|x86.ActiveCfg = Release|Win32
		{F9B5EA9A-49D8-4887-BD0E-2929E3E2C409}.Release|x86.Build.0 = Release|Win32
		{F9B5EA9A-49D8-4887-BD0E-2929E3E2C409}.Spanish|x86.ActiveCfg = Debug|Win32
		{F9B5EA9A-49D8-4887-BD0E-2929E3E2C409}.Spanish|x86.Build.0 = Debug|Win32
		{F9B5EA9A-49D8-4887-BD0E-2929E3E2C409}.Template|x86.ActiveCfg = Template|Win32
		{F9B5EA9A-49D8-4887-BD0E-2929E3E2C409}.Template|x86.Build.0 = Template|Win32
		{A886A790-F058-4592-A437-7209BDCCA4A2}.Debug|x86.ActiveCfg = Debug|Win32
		{A886A790-F058-4592-A437-7209BDCCA4A2}.Debug|x86.Build.0 = Debug|Win32
		{A886A790-F058-4592-A437-7209BDCCA4A2}.DebugE|x86.ActiveCfg = Debug|Win32
		{A886A790-F058-4592-A437-7209BDCCA4A2}.DebugE|x86.Build.0 = Debug|Win32
		{A886A790-F058-4592-A437-7209BDCCA4A2}.DebugW3D|x86.ActiveCfg = Debug|Win32
		{A886A790-F058-4592-A437-7209BDCCA4A2}.DebugW3D|x86.Build.0 = Debug|Win32
		{A886A790-F058-4592-A437-7209BDCCA4A2}.French|x86.ActiveCfg = Debug|Win32
		{A886A790-F058-4592-A437-7209BDCCA4A2}.French|x86.Build.0 = Debug|Win32
		{A886A790-F058-4592-A437-7209BDCCA4A2}.German|x86.ActiveCfg = Debug|Win32
		{A886A790-F058-4592-A437-7209BDCCA4A2}.German|x86.Build.0 = Debug|Win32
		{A886A790-F058-4592-A437-7209BDCCA4A2}.Internal|x86.ActiveCfg = Internal|Win32
		{A886A790-F058-4592-A437-7209BDCCA4A2}.Internal|x86.Build.0 = Internal|Win32
		{A886A790-F058-4592-A437-7209BDCCA4A2}.Profile|x86.ActiveCfg = Debug|Win32
		{A886A790-F058-4592-A437-7209BDCCA4A2}.Profile|x86.Build.0 = Debug|Win32
		{A886A790-F058-4592-A437-7209BDCCA4A2}.ProfileE|x86.ActiveCfg = Debug|Win32
		{A886A790-F058-4592-A437-7209BDCCA4A2}.ProfileE|x86.Build.0 = Debug|Win32
		{A886A790-F058-4592-A437-7209BDCCA4A2}.Release|x86.ActiveCfg = Release|Win32
		{A886A790-F058-4592-A437-7209BDCCA4A2}.Release|x86.Build.0 = Release|Win32
		{A886A790-F058-4592-A437-7209BDCCA4A2}.Spanish|x86.ActiveCfg = Debug|Win32
		{A886A790-F058-4592-A437-7209BDCCA4A2}.Spanish|x86.Build.0 = Debug|Win32
		{A886A790-F058-4592-A437-7209BDCCA4A2}.Template|x86.ActiveCfg = Template|Win32
		{A886A790-F058-4592-A437-7209BDCCA4A2}.Template|x86.Build.0 = Template|Win32
		{6FA87B54-B728-470B-A1D6-EF79B65A47B5}.Debug|x86.ActiveCfg = Debug|Win32
		{6FA87B54-B728-470B-A1D6-EF79B65A47B5}.Debug|x86.Build.0 = Debug|Win32
		{6FA87B54-B728-470B-A1D6-EF79B65A47B5}.DebugE|x86.ActiveCfg = Debug|Win32
		{6FA87B54-B728-470B-A1D6-EF79B65A47B5}.DebugE|x86.Build.0 = Debug|Win32
		{6FA87B54-B728-470B-A1D6-EF79B65A47B5}.DebugW3D|x86.ActiveCfg = Debug|Win32
		{6FA87B54-B728-470B-A1D6-EF79B65A47B5}.DebugW3D|x86.Build.0 = Debug|Win32
		{6FA87B54-B728-470B-A1D6-EF79B65A47B5}.French|x86.ActiveCfg = Debug|Win32
		{6FA87B54-B728-470B-A1D6-EF79B65A47B5}.French|x86.Build.0 = Debug|Win32
		{6FA87B54-B728-470B-A1D6-EF79B65A47B5}.German|x86.ActiveCfg = Debug|Win32
		{6FA87B54-B728-470B-A1D6-EF79B65A47B5}.German|x86.Build.0 = Debug|Win32
		{6FA87B54-B728-470B-A1D6-EF79B65A47B5}.Internal|x86.ActiveCfg = Debug|Win32
		{6FA87B54-B728-470B-A1D6-EF79B65A47B5}.Internal|x86.Build.0 = Debug|Win32
		{6FA87B54-B728-470B-A1D6-EF79B65A47B5}.Profile|x86.ActiveCfg = Debug|Win32
		{6FA87B54-B728-470B-A1D6-EF79B65A47B5}.Profile|x86.Build.0 = Debug|Win32
		{6FA87B54-B728-470B-A1D6-EF79B65A47B5}.ProfileE|x86.ActiveCfg = Debug|Win32
		{6FA87B54-B728-470B-A1D6-EF79B65A47B5}.ProfileE|x86.Build.0 = Debug|Win32
		{6FA87B54-B728-470B-A1D6-EF79B65A47B5}.Release|x86.ActiveCfg = Release|Win32
		{6FA87B54-B728-470B-A1D6-EF79B65A47B5}.Release|x86.Build.0 = Release|Win32
		{6FA87B54-B728-470B-A1D6-EF79B65A47B5}.Spanish|x86.ActiveCfg = Debug|Win32
		{6FA87B54-B728-470B-A1D6-EF79B65A47B5}.Spanish|x86.Build.0 = Debug|Win32
		{6FA87B54-B728-470B-A1D6-EF79B65A47B5}.Template|x86.ActiveCfg = Template|Win32
		{6FA87B54-B728-470B-A1D6-EF79B65A47B5}.Template|x86.Build.0 = Template|Win32
		{692E3B9A-7D6C-4282-866A-BE10FDB5C72F}.Debug|x86.ActiveCfg = Debug|Win32
		{692E3B9A-7D6C-4282-866A-BE10FDB5C72F}.Debug|x86.Build.0 = Debug|Win32
		{692E3B9A-7D6C-4282-866A-BE10FDB5C72F}.DebugE|x86.ActiveCfg = Debug|Win32
		{692E3B9A-7D6C-4282-866A-BE10FDB5C72F}.DebugE|x86.Build.0 = Debug|Win32
		{692E3B9A-7D6C-4282-866A-BE10FDB5C72F}.DebugW3D|x86.ActiveCfg = Debug|Win32
		{692E3B9A-7D6C-4282-866A-BE10FDB5C72F}.DebugW3D|x86.Build.0 = Debug|Win32
		{692E3B9A-7D6C-4282-866A-BE10FDB5C72F}.French|x86.ActiveCfg = Debug|Win32
		{692E3B9A-7D6C-4282-866A-BE10FDB5C72F}.French|x86.Build.0 = Debug|Win32
		{692E3B9A-7D6C-4282-866A-BE10FDB5C72F}.German|x86.ActiveCfg = Debug|Win32
		{692E3B9A-7D6C-4282-866A-BE10FDB5C72F}.German|x86.Build.0 = Debug|Win32
		{692E3B9A-7D6C-4282-866A-BE10FDB5C72F}.Internal|x86.ActiveCfg = Debug|Win32
		{692E3B9A-7D6C-4282-866A-BE10FDB5C72F}.Internal|x86.Build.0 = Debug|Win32
		{692E3B9A-7D6C-4282-866A-BE10FDB5C72F}.Profile|x86.ActiveCfg = Debug|Win32
		{692E3B9A-7D6C-4282-866A-BE10FDB5C72F}.Profile|x86.Build.0 = Debug|Win32
		{692E3B9A-7D6C-4282-866A-BE10FDB5C72F}.ProfileE|x86.ActiveCfg = Debug|Win32
		{692E3B9A-7D6C-4282-866A-BE10FDB5C72F}.ProfileE|x86.Build.0 = Debug|Win32
		{692E3B9A-7D6C-4282-866A-BE10FDB5C72F}.Release|x86.ActiveCfg = Release|Win32
		{692E3B9A-7D6C-4282-866A-BE10FDB5C72F}.Release|x86.Build.0 = Release|Win32
		{692E3B9A-7D6C-4282-866A-BE10FDB5C72F}.Spanish|x86.ActiveCfg = Debug|Win32
		{692E3B9A-7D6C-4282-866A-BE10FDB5C72F}.Spanish|x86.Build.0 = Debug|Win32
		{692E3B9A-7D6C-4282-866A-BE10FDB5C72F}.Template|x86.ActiveCfg = Template|Win32
		{692E3B9A-7D6C-4282-866A-BE10FDB5C72F}.Template|x86.Build.0 = Template|Win32
		{4EE9B92F-2AB4-48B0-B49E-6C9721327CE9}.Debug|x86.ActiveCfg = Debug|Win32
		{4EE9B92F-2AB4-48B0-B49E-6C9721327CE9}.Debug|x86.Build.0 = Debug|Win32
		{4EE9B92F-2AB4-48B0-B49E-6C9721327CE9}.DebugE|x86.ActiveCfg = Debug|Win32
		{4EE9B92F-2AB4-48B0-B49E-6C9721327CE9}.DebugE|x86.Build.0 = Debug|Win32
		{4EE9B92F-2AB4-48B0-B49E-6C9721327CE9}.DebugW3D|x86.ActiveCfg = Debug|Win32
		{4EE9B92F-2AB4-48B0-B49E-6C9721327CE9}.DebugW3D|x86.Build.0 = Debug|Win32
		{4EE9B92F-2AB4-48B0-B49E-6C9721327CE9}.French|x86.ActiveCfg = Debug|Win32
		{4EE9B92F-2AB4-48B0-B49E-6C9721327CE9}.French|x86.Build.0 = Debug|Win32
		{4EE9B92F-2AB4-48B0-B49E-6C9721327CE9}.German|x86.ActiveCfg = Debug|Win32
		{4EE9B92F-2AB4-48B0-B49E-6C9721327CE9}.German|x86.Build.0 = Debug|Win32
		{4EE9B92F-2AB4-48B0-B49E-6C9721327CE9}.Internal|x86.ActiveCfg = Internal|Win32
		{4EE9B92F-2AB4-48B0-B49E-6C9721327CE9}.Internal|x86.Build.0 = Internal|Win32
		{4EE9B92F-2AB4-48B0-B49E-6C9721327CE9}.Profile|x86.ActiveCfg = Profile|Win32
		{4EE9B92F-2AB4-48B0-B49E-6C9721327CE9}.Profile|x86.Build.0 = Profile|Win32
		{4EE9B92F-2AB4-48B0-B49E-6C9721327CE9}.ProfileE|x86.ActiveCfg = Profile|Win32
		{4EE9B92F-2AB4-48B0-B49E-6C9721327CE9}.ProfileE|x86.Build.0 = Profile|Win32
		{4EE9B92F-2AB4-48B0-B49E-6C9721327CE9}.Release|x86.ActiveCfg = Release|Win32
		{4EE9B92F-2AB4-48B0-B49E-6C9721327CE9}.Release|x86.Build.0 = Release|Win32
		{4EE9B92F-2AB4-48B0-B49E-6C9721327CE9}.Spanish|x86.ActiveCfg = Debug|Win32
		{4EE9B92F-2AB4-48B0-B49E-6C9721327CE9}.Spanish|x86.Build.0 = Debug|Win32
		{4EE9B92F-2AB4-48B0-B49E-6C9721327CE9}.Template|x86.ActiveCfg = Template|Win32
		{4EE9B92F-2AB4-48B0-B49E-6C9721327CE9}.Template|x86.Build.0 = Template|Win32
		{BDF3B471-E3E5-4CB7-B398-F82204EC5326}.Debug|x86.ActiveCfg = Debug|Win32
		{BDF3B471-E3E5-4CB7-B398-F82204EC5326}.Debug|x86.Build.0 = Debug|Win32
		{BDF3B471-E3E5-4CB7-B398-F82204EC5326}.DebugE|x86.ActiveCfg = Debug|Win32
		{BDF3B471-E3E5-4CB7-B398-F82204EC5326}.DebugE|x86.Build.0 = Debug|Win32
		{BDF3B471-E3E5-4CB7-B398-F82204EC5326}.DebugW3D|x86.ActiveCfg = Debug|Win32
		{BDF3B471-E3E5-4CB7-B398-F82204EC5326}.DebugW3D|x86.Build.0 = Debug|Win32
		{BDF3B471-E3E5-4CB7-B398-F82204EC5326}.French|x86.ActiveCfg = Debug|Win32
		{BDF3B471-E3E5-4CB7-B398-F82204EC5326}.French|x86.Build.0 = Debug|Win32
		{BDF3B471-E3E5-4CB7-B398-F82204EC5326}.German|x86.ActiveCfg = Debug|Win32
		{BDF3B471-E3E5-4CB7-B398-F82204EC5326}.German|x86.Build.0 = Debug|Win32
		{BDF3B471-E3E5-4CB7-B398-F82204EC5326}.Internal|x86.ActiveCfg = Debug|Win32
		{BDF3B471-E3E5-4CB7-B398-F82204EC5326}.Internal|x86.Build.0 = Debug|Win32
		{BDF3B471-E3E5-4CB7-B398-F82204EC5326}.Profile|x86.ActiveCfg = Debug|Win32
		{BDF3B471-E3E5-4CB7-B398-F82204EC5326}.Profile|x86.Build.0 = Debug|Win32
		{BDF3B471-E3E5-4CB7-B398-F82204EC5326}.ProfileE|x86.ActiveCfg = Debug|Win32
		{BDF3B471-E3E5-4CB7-B398-F82204EC5326}.ProfileE|x86.Build.0 = Debug|Win32
		{BDF3B471-E3E5-4CB7-B398-F82204EC5326}.Release|x86.ActiveCfg = Release|Win32
		{BDF3B471-E3E5-4CB7-B398-F82204EC5326}.Release|x86.Build.0 = Release|Win32
		{BDF3B471-E3E5-4CB7-B398-F82204EC5326}.Spanish|x86.ActiveCfg = Debug|Win32
		{BDF3B471-E3E5-4CB7-B398-F82204EC5326}.Spanish|x86.Build.0 = Debug|Win32
		{BDF3B471-E3E5-4CB7-B398-F82204EC5326}.Template|x86.ActiveCfg = Template|Win32
		{BDF3B471-E3E5-4CB7-B398-F82204EC5326}.Template|x86.Build.0 = Template|Win32
		{62BB1A6D-1F98-42E7-8D02-292ECE23A6D4}.Debug|x86.ActiveCfg = Debug|Win32
		{62BB1A6D-1F98-42E7-8D02-292ECE23A6D4}.Debug|x86.Build.0 = Debug|Win32
		{62BB1A6D-1F98-42E7-8D02-292ECE23A6D4}.DebugE|x86.ActiveCfg = Debug|Win32
		{62BB1A6D-1F98-42E7-8D02-292ECE23A6D4}.DebugE|x86.Build.0 = Debug|Win32
		{62BB1A6D-1F98-42E7-8D02-292ECE23A6D4}.DebugW3D|x86.ActiveCfg = Debug|Win32
		{62BB1A6D-1F98-42E7-8D02-292ECE23A6D4}.DebugW3D|x86.Build.0 = Debug|Win32
		{62BB1A6D-1F98-42E7-8D02-292ECE23A6D4}.French|x86.ActiveCfg = French|Win32
		{62BB1A6D-1F98-42E7-8D02-292ECE23A6D4}.French|x86.Build.0 = French|Win32
		{62BB1A6D-1F98-42E7-8D02-292ECE23A6D4}.German|x86.ActiveCfg = German|Win32
		{62BB1A6D-1F98-42E7-8D02-292ECE23A6D4}.German|x86.Build.0 = German|Win32
		{62BB1A6D-1F98-42E7-8D02-292ECE23A6D4}.Internal|x86.ActiveCfg = Debug|Win32
		{62BB1A6D-1F98-42E7-8D02-292ECE23A6D4}.Internal|x86.Build.0 = Debug|Win32
		{62BB1A6D-1F98-42E7-8D02-292ECE23A6D4}.Profile|x86.ActiveCfg = Debug|Win32
		{62BB1A6D-1F98-42E7-8D02-292ECE23A6D4}.Profile|x86.Build.0 = Debug|Win32
		{62BB1A6D-1F98-42E7-8D02-292ECE23A6D4}.ProfileE|x86.ActiveCfg = Debug|Win32
		{62BB1A6D-1F98-42E7-8D02-292ECE23A6D4}.ProfileE|x86.Build.0 = Debug|Win32
		{62BB1A6D-1F98-42E7-8D02-292ECE23A6D4}.Release|x86.ActiveCfg = Release|Win32
		{62BB1A6D-1F98-42E7-8D02-292ECE23A6D4}.Release|x86.Build.0 = Release|Win32
		{62BB1A6D-1F98-42E7-8D02-292ECE23A6D4}.Spanish|x86.ActiveCfg = Spanish|Win32
		{62BB1A6D-1F98-42E7-8D02-292ECE23A6D4}.Spanish|x86.Build.0 = Spanish|Win32
		{62BB1A6D-1F98-42E7-8D02-292ECE23A6D4}.Template|x86.ActiveCfg = Template|Win32
		{62BB1A6D-1F98-42E7-8D02-292ECE23A6D4}.Template|x86.Build.0 = Template|Win32
		{9DC90455-60FB-4E36-BF30-F82F83DD5ED9}.Debug|x86.ActiveCfg = Debug|Win32
		{9DC90455-60FB-4E36-BF30-F82F83DD5ED9}.Debug|x86.Build.0 = Debug|Win32
		{9DC90455-60FB-4E36-BF30-F82F83DD5ED9}.DebugE|x86.ActiveCfg = Debug|Win32
		{9DC90455-60FB-4E36-BF30-F82F83DD5ED9}.DebugE|x86.Build.0 = Debug|Win32
		{9DC90455-60FB-4E36-BF30-F82F83DD5ED9}.DebugW3D|x86.ActiveCfg = Debug|Win32
		{9DC90455-60FB-4E36-BF30-F82F83DD5ED9}.DebugW3D|x86.Build.0 = Debug|Win32
		{9DC90455-60FB-4E36-BF30-F82F83DD5ED9}.French|x86.ActiveCfg = Debug|Win32
		{9DC90455-60FB-4E36-BF30-F82F83DD5ED9}.French|x86.Build.0 = Debug|Win32
		{9DC90455-60FB-4E36-BF30-F82F83DD5ED9}.German|x86.ActiveCfg = Debug|Win32
		{9DC90455-60FB-4E36-BF30-F82F83DD5ED9}.German|x86.Build.0 = Debug|Win32
		{9DC90455-60FB-4E36-BF30-F82F83DD5ED9}.Internal|x86.ActiveCfg = Internal|Win32
		{9DC90455-60FB-4E36-BF30-F82F83DD5ED9}.Internal|x86.Build.0 = Internal|Win32
		{9DC90455-60FB-4E36-BF30-F82F83DD5ED9}.Profile|x86.ActiveCfg = Profile|Win32
		{9DC90455-60FB-4E36-BF30-F82F83DD5ED9}.Profile|x86.Build.0 = Profile|Win32
		{9DC90455-60FB-4E36-BF30-F82F83DD5ED9}.ProfileE|x86.ActiveCfg = Profile|Win32
		{9DC90455-60FB-4E36-BF30-F82F83DD5ED9}.ProfileE|x86.Build.0 = Profile|Win32
		{9DC90455-60FB-4E36-BF30-F82F83DD5ED9}.Release|x86.ActiveCfg = Release|Win32
		{9DC90455-60FB-4E36-BF30-F82F83DD5ED9}.Release|x86.Build.0 = Release|Win32
		{9DC90455-60FB-4E36-BF30-F82F83DD5ED9}.Spanish|x86.ActiveCfg = Debug|Win32
		{9DC90455-60FB-4E36-BF30-F82F83DD5ED9}.Spanish|x86.Build.0 = Debug|Win32
		{9DC90455-60FB-4E36-BF30-F82F83DD5ED9}.Template|x86.ActiveCfg = Template|Win32
		{9DC90455-60FB-4E36-BF30-F82F83DD5ED9}.Template|x86.Build.0 = Template|Win32
		{A7CAB060-B987-46C6-8ACE-3758E8AD5C19}.Debug|x86.ActiveCfg = Debug|Win32
		{A7CAB060-B987-46C6-8ACE-3758E8AD5C19}.Debug|x86.Build.0 = Debug|Win32
		{A7CAB060-B987-46C6-8ACE-3758E8AD5C19}.DebugE|x86.ActiveCfg = Debug|Win32
		{A7CAB060-B987-46C6-8ACE-3758E8AD5C19}.DebugE|x86.Build.0 = Debug|Win32
		{A7CAB060-B987-46C6-8ACE-3758E8AD5C19}.DebugW3D|x86.ActiveCfg = Debug|Win32
		{A7CAB060-B987-46C6-8ACE-3758E8AD5C19}.DebugW3D|x86.Build.0 = Debug|Win32
		{A7CAB060-B987-46C6-8ACE-3758E8AD5C19}.French|x86.ActiveCfg = Debug|Win32
		{A7CAB060-B987-46C6-8ACE-3758E8AD5C19}.French|x86.Build.0 = Debug|Win32
		{A7CAB060-B987-46C6-8ACE-3758E8AD5C19}.German|x86.ActiveCfg = Debug|Win32
		{A7CAB060-B987-46C6-8ACE-3758E8AD5C19}.German|x86.Build.0 = Debug|Win32
		{A7CAB060-B987-46C6-8ACE-3758E8AD5C19}.Internal|x86.ActiveCfg = Debug|Win32
		{A7CAB060-B987-46C6-8ACE-3758E8AD5C19}.Internal|x86.Build.0 = Debug|Win32
		{A7CAB060-B987-46C6-8ACE-3758E8AD5C19}.Profile|x86.ActiveCfg = Debug|Win32
		{A7CAB060-B987-46C6-8ACE-3758E8AD5C19}.Profile|x86.Build.0 = Debug|Win32
		{A7CAB060-B987-46C6-8ACE-3758E8AD5C19}.ProfileE|x86.ActiveCfg = Debug|Win32
		{A7CAB060-B987-46C6-8ACE-3758E8AD5C19}.ProfileE|x86.Build.0 = Debug|Win32
		{A7CAB060-B987-46C6-8ACE-3758E8AD5C19}.Release|x86.ActiveCfg = Release|Win32
		{A7CAB060-B987-46C6-8ACE-3758E8AD5C19}.Release|x86.Build.0 = Release|Win32
		{A7CAB060-B987-46C6-8ACE-3758E8AD5C19}.Spanish|x86.ActiveCfg = Debug|Win32
		{A7CAB060-B987-46C6-8ACE-3758E8AD5C19}.Spanish|x86.Build.0 = Debug|Win32
		{A7CAB060-B987-46C6-8ACE-3758E8AD5C19}.Template|x86.ActiveCfg = Template|Win32
		{A7CAB060-B987-46C6-8ACE-3758E8AD5C19}.Template|x86.Build.0 = Template|Win32
		{02645924-3B49-4A2C-8C41-BDBF7C63E301}.Debug|x86.ActiveCfg = Debug|Win32
		{02645924-3B49-4A2C-8C41-BDBF7C63E301}.Debug|x86.Build.0 = Debug|Win32
		{02645924-3B49-4A2C-8C41-BDBF7C63E301}.DebugE|x86.ActiveCfg = DebugE|Win32
		{02645924-3B49-4A2C-8C41-BDBF7C63E301}.DebugE|x86.Build.0 = DebugE|Win32
		{02645924-3B49-4A2C-8C41-BDBF7C63E301}.DebugW3D|x86.ActiveCfg = DebugW3D|Win32
		{02645924-3B49-4A2C-8C41-BDBF7C63E301}.DebugW3D|x86.Build.0 = DebugW3D|Win32
		{02645924-3B49-4A2C-8C41-BDBF7C63E301}.French|x86.ActiveCfg = Debug|Win32
		{02645924-3B49-4A2C-8C41-BDBF7C63E301}.French|x86.Build.0 = Debug|Win32
		{02645924-3B49-4A2C-8C41-BDBF7C63E301}.German|x86.ActiveCfg = Debug|Win32
		{02645924-3B49-4A2C-8C41-BDBF7C63E301}.German|x86.Build.0 = Debug|Win32
		{02645924-3B49-4A2C-8C41-BDBF7C63E301}.Internal|x86.ActiveCfg = Internal|Win32
		{02645924-3B49-4A2C-8C41-BDBF7C63E301}.Internal|x86.Build.0 = Internal|Win32
		{02645924-3B49-4A2C-8C41-BDBF7C63E301}.Profile|x86.ActiveCfg = Profile|Win32
		{02645924-3B49-4A2C-8C41-BDBF7C63E301}.Profile|x86.Build.0 = Profile|Win32
		{02645924-3B49-4A2C-8C41-BDBF7C63E301}.ProfileE|x86.ActiveCfg = ProfileE|Win32
		{02645924-3B49-4A2C-8C41-BDBF7C63E301}.ProfileE|x86.Build.0 = ProfileE|Win32
		{02645924-3B49-4A2C-8C41-BDBF7C63E301}.Release|x86.ActiveCfg = Release|Win32
		{02645924-3B49-4A2C-8C41-BDBF7C63E301}.Release|x86.Build.0 = Release|Win32
		{02645924-3B49-4A2C-8C41-BDBF7C63E301}.Spanish|x86.ActiveCfg = Debug|Win32
		{02645924-3B49-4A2C-8C41-BDBF7C63E301}.Spanish|x86.Build.0 = Debug|Win32
		{02645924-3B49-4A2C-8C41-BDBF7C63E301}.Template|x86.ActiveCfg = Template|Win32
		{02645924-3B49-4A2C-8C41-BDBF7C63E301}.Template|x86.Build.0 = Template|Win32
		{49F9C13D-B1A0-4CF5-BF38-4AF186C7CB3B}.Debug|x86.ActiveCfg = Debug|Win32
		{49F9C13D-B1A0-4CF5-BF38-4AF186C7CB3B}.Debug|x86.Build.0 = Debug|Win32
		{49F9C13D-B1A0-4CF5-BF38-4AF186C7CB3B}.DebugE|x86.ActiveCfg = Debug|Win32
		{49F9C13D-B1A0-4CF5-BF38-4AF186C7CB3B}.DebugE|x86.Build.0 = Debug|Win32
		{49F9C13D-B1A0-4CF5-BF38-4AF186C7CB3B}.DebugW3D|x86.ActiveCfg = DebugW3D|Win32
		{49F9C13D-B1A0-4CF5-BF38-4AF186C7CB3B}.DebugW3D|x86.Build.0 = DebugW3D|Win32
		{49F9C13D-B1A0-4CF5-BF38-4AF186C7CB3B}.French|x86.ActiveCfg = Debug|Win32
		{49F9C13D-B1A0-4CF5-BF38-4AF186C7CB3B}.French|x86.Build.0 = Debug|Win32
		{49F9C13D-B1A0-4CF5-BF38-4AF186C7CB3B}.German|x86.ActiveCfg = Debug|Win32
		{49F9C13D-B1A0-4CF5-BF38-4AF186C7CB3B}.German|x86.Build.0 = Debug|Win32
		{49F9C13D-B1A0-4CF5-BF38-4AF186C7CB3B}.Internal|x86.ActiveCfg = Internal|Win32
		{49F9C13D-B1A0-4CF5-BF38-4AF186C7CB3B}.Internal|x86.Build.0 = Internal|Win32
		{49F9C13D-B1A0-4CF5-BF38-4AF186C7CB3B}.Profile|x86.ActiveCfg = Profile|Win32
		{49F9C13D-B1A0-4CF5-BF38-4AF186C7CB3B}.Profile|x86.Build.0 = Profile|Win32
		{49F9C13D-B1A0-4CF5-BF38-4AF186C7CB3B}.ProfileE|x86.ActiveCfg = Profile|Win32
		{49F9C13D-B1A0-4CF5-BF38-4AF186C7CB3B}.ProfileE|x86.Build.0 = Profile|Win32
		{49F9C13D-B1A0-4CF5-BF38-4AF186C7CB3B}.Release|x86.ActiveCfg = Release|Win32
		{49F9C13D-B1A0-4CF5-BF38-4AF186C7CB3B}.Release|x86.Build.0 = Release|Win32
		{49F9C13D-B1A0-4CF5-BF38-4AF186C7CB3B}.Spanish|x86.ActiveCfg = Debug|Win32
		{49F9C13D-B1A0-4CF5-BF38-4AF186C7CB3B}.Spanish|x86.Build.0 = Debug|Win32
		{49F9C13D-B1A0-4CF5-BF38-4AF186C7CB3B}.Template|x86.ActiveCfg = Template|Win32
		{49F9C13D-B1A0-4CF5-BF38-4AF186C7CB3B}.Template|x86.Build.0 = Template|Win32
		{09539BDA-5419-482D-BED3-E0D88EFBFAFD}.Debug|x86.ActiveCfg = Debug|Win32
		{09539BDA-5419-482D-BED3-E0D88EFBFAFD}.Debug|x86.Build.0 = Debug|Win32
		{09539BDA-5419-482D-BED3-E0D88EFBFAFD}.DebugE|x86.ActiveCfg = Debug|Win32
		{09539BDA-5419-482D-BED3-E0D88EFBFAFD}.DebugE|x86.Build.0 = Debug|Win32
		{09539BDA-5419-482D-BED3-E0D88EFBFAFD}.DebugW3D|x86.ActiveCfg = DebugW3D|Win32
		{09539BDA-5419-482D-BED3-E0D88EFBFAFD}.DebugW3D|x86.Build.0 = DebugW3D|Win32
		{09539BDA-5419-482D-BED3-E0D88EFBFAFD}.French|x86.ActiveCfg = Debug|Win32
		{09539BDA-5419-482D-BED3-E0D88EFBFAFD}.French|x86.Build.0 = Debug|Win32
		{09539BDA-5419-482D-BED3-E0D88EFBFAFD}.German|x86.ActiveCfg = Debug|Win32
		{09539BDA-5419-482D-BED3-E0D88EFBFAFD}.German|x86.Build.0 = Debug|Win32
		{09539BDA-5419-482D-BED3-E0D88EFBFAFD}.Internal|x86.ActiveCfg = Internal|Win32
		{09539BDA-5419-482D-BED3-E0D88EFBFAFD}.Internal|x86.Build.0 = Internal|Win32
		{09539BDA-5419-482D-BED3-E0D88EFBFAFD}.Profile|x86.ActiveCfg = Profile|Win32
		{09539BDA-5419-482D-BED3-E0D88EFBFAFD}.Profile|x86.Build.0 = Profile|Win32
		{09539BDA-5419-482D-BED3-E0D88EFBFAFD}.ProfileE|x86.ActiveCfg = Profile|Win32
		{09539BDA-5419-482D-BED3-E0D88EFBFAFD}.ProfileE|x86.Build.0 = Profile|Win32
		{09539BDA-5419-482D-BED3-E0D88EFBFAFD}.Release|x86.ActiveCfg = Release|Win32
		{09539BDA-5419-482D-BED3-E0D88EFBFAFD}.Release|x86.Build.0 = Release|Win32
		{09539BDA-5419-482D-BED3-E0D88EFBFAFD}.Spanish|x86.ActiveCfg = Debug|Win32
		{09539BDA-5419-482D-BED3-E0D88EFBFAFD}.Spanish|x86.Build.0 = Debug|Win32
		{09539BDA-5419-482D-BED3-E0D88EFBFAFD}.Template|x86.ActiveCfg = Template|Win32
		{09539BDA-5419-482D-BED3-E0D88EFBFAFD}.Template|x86.Build.0 = Template|Win32
		{B7020D5F-354D-4B92-A126-C72F451B517F}.Debug|x86.ActiveCfg = Debug|Win32
		{B7020D5F-354D-4B92-A126-C72F451B517F}.Debug|x86.Build.0 = Debug|Win32
		{B7020D5F-354D-4B92-A126-C72F451B517F}.DebugE|x86.ActiveCfg = Debug|Win32
		{B7020D5F-354D-4B92-A126-C72F451B517F}.DebugE|x86.Build.0 = Debug|Win32
		{B7020D5F-354D-4B92-A126-C72F451B517F}.DebugW3D|x86.ActiveCfg = DebugW3D|Win32
		{B7020D5F-354D-4B92-A126-C72F451B517F}.DebugW3D|x86.Build.0 = DebugW3D|Win32
		{B7020D5F-354D-4B92-A126-C72F451B517F}.French|x86.ActiveCfg = Debug|Win32
		{B7020D5F-354D-4B92-A126-C72F451B517F}.French|x86.Build.0 = Debug|Win32
		{B7020D5F-354D-4B92-A126-C72F451B517F}.German|x86.ActiveCfg = Debug|Win32
		{B7020D5F-354D-4B92-A126-C72F451B517F}.German|x86.Build.0 = Debug|Win32
		{B7020D5F-354D-4B92-A126-C72F451B517F}.Internal|x86.ActiveCfg = Internal|Win32
		{B7020D5F-354D-4B92-A126-C72F451B517F}.Internal|x86.Build.0 = Internal|Win32
		{B7020D5F-354D-4B92-A126-C72F451B517F}.Profile|x86.ActiveCfg = Profile|Win32
		{B7020D5F-354D-4B92-A126-C72F451B517F}.Profile|x86.Build.0 = Profile|Win32
		{B7020D5F-354D-4B92-A126-C72F451B517F}.ProfileE|x86.ActiveCfg = Profile|Win32
		{B7020D5F-354D-4B92-A126-C72F451B517F}.ProfileE|x86.Build.0 = Profile|Win32
		{B7020D5F-354D-4B92-A126-C72F451B517F}.Release|x86.ActiveCfg = Release|Win32
		{B7020D5F-354D-4B92-A126-C72F451B517F}.Release|x86.Build.0 = Release|Win32
		{B7020D5F-354D-4B92-A126-C72F451B517F}.Spanish|x86.ActiveCfg = Debug|Win32
		{B7020D5F-354D-4B92-A126-C72F451B517F}.Spanish|x86.Build.0 = Debug|Win32
		{B7020D5F-354D-4B92-A126-C72F451B517F}.Template|x86.ActiveCfg = Template|Win32
		{B7020D5F-354D-4B92-A126-C72F451B517F}.Template|x86.Build.0 = Template|Win32
		{2B397B83-F808-42E1-8BDA-EE30C72F5C14}.Debug|x86.ActiveCfg = Debug|Win32
		{2B397B83-F808-42E1-8BDA-EE30C72F5C14}.Debug|x86.Build.0 = Debug|Win32
		{2B397B83-F808-42E1-8BDA-EE30C72F5C14}.DebugE|x86.ActiveCfg = DebugE|Win32
		{2B397B83-F808-42E1-8BDA-EE30C72F5C14}.DebugE|x86.Build.0 = DebugE|Win32
		{2B397B83-F808-42E1-8BDA-EE30C72F5C14}.DebugW3D|x86.ActiveCfg = DebugW3D|Win32
		{2B397B83-F808-42E1-8BDA-EE30C72F5C14}.DebugW3D|x86.Build.0 = DebugW3D|Win32
		{2B397B83-F808-42E1-8BDA-EE30C72F5C14}.French|x86.ActiveCfg = Debug|Win32
		{2B397B83-F808-42E1-8BDA-EE30C72F5C14}.French|x86.Build.0 = Debug|Win32
		{2B397B83-F808-42E1-8BDA-EE30C72F5C14}.German|x86.ActiveCfg = Debug|Win32
		{2B397B83-F808-42E1-8BDA-EE30C72F5C14}.German|x86.Build.0 = Debug|Win32
		{2B397B83-F808-42E1-8BDA-EE30C72F5C14}.Internal|x86.ActiveCfg = Internal|Win32
		{2B397B83-F808-42E1-8BDA-EE30C72F5C14}.Internal|x86.Build.0 = Internal|Win32
		{2B397B83-F808-42E1-8BDA-EE30C72F5C14}.Profile|x86.ActiveCfg = Profile|Win32
		{2B397B83-F808-42E1-8BDA-EE30C72F5C14}.Profile|x86.Build.0 = Profile|Win32
		{2B397B83-F808-42E1-8BDA-EE30C72F5C14}.ProfileE|x86.ActiveCfg = ProfileE|Win32
		{2B397B83-F808-42E1-8BDA-EE30C72F5C14}.ProfileE|x86.Build.0 = ProfileE|Win32
		{2B397B83-F808-42E1-8BDA-EE30C72F5C14}.Release|x86.ActiveCfg = Release|Win32
		{2B397B83-F808-42E1-8BDA-EE30C72F5C14}.Release|x86.Build.0 = Release|Win32
		{2B397B83-F808-42E1-8BDA-EE30C72F5C14}.Spanish|x86.ActiveCfg = Debug|Win32
		{2B397B83-F808-42E1-8BDA-EE30C72F5C14}.Spanish|x86.Build.0 = Debug|Win32
		{2B397B83-F808-42E1-8BDA-EE30C72F5C14}.Template|x86.ActiveCfg = Template|Win32
		{2B397B83-F808-42E1-8BDA-EE30C72F5C14}.Template|x86.Build.0 = Template|Win32
		{EFD9022D-D46D-4180-A1BF-C5576DA25DA1}.Debug|x86.ActiveCfg = Debug|Win32
		{EFD9022D-D46D-4180-A1BF-C5576DA25DA1}.Debug|x86.Build.0 = Debug|Win32
		{EFD9022D-D46D-4180-A1BF-C5576DA25DA1}.DebugE|x86.ActiveCfg = Debug|Win32
		{EFD9022D-D46D-4180-A1BF-C5576DA25DA1}.DebugE|x86.Build.0 = Debug|Win32
		{EFD9022D-D46D-4180-A1BF-C5576DA25DA1}.DebugW3D|x86.ActiveCfg = DebugW3D|Win32
		{EFD9022D-D46D-4180-A1BF-C5576DA25DA1}.DebugW3D|x86.Build.0 = DebugW3D|Win32
		{EFD9022D-D46D-4180-A1BF-C5576DA25DA1}.French|x86.ActiveCfg = Debug|Win32
		{EFD9022D-D46D-4180-A1BF-C5576DA25DA1}.French|x86.Build.0 = Debug|Win32
		{EFD9022D-D46D-4180-A1BF-C5576DA25DA1}.German|x86.ActiveCfg = Debug|Win32
		{EFD9022D-D46D-4180-A1BF-C5576DA25DA1}.German|x86.Build.0 = Debug|Win32
		{EFD9022D-D46D-4180-A1BF-C5576DA25DA1}.Internal|x86.ActiveCfg = Internal|Win32
		{EFD9022D-D46D-4180-A1BF-C5576DA25DA1}.Internal|x86.Build.0 = Internal|Win32
		{EFD9022D-D46D-4180-A1BF-C5576DA25DA1}.Profile|x86.ActiveCfg = Profile|Win32
		{EFD9022D-D46D-4180-A1BF-C5576DA25DA1}.Profile|x86.Build.0 = Profile|Win32
		{EFD9022D-D46D-4180-A1BF-C5576DA25DA1}.ProfileE|x86.ActiveCfg = Profile|Win32
		{EFD9022D-D46D-4180-A1BF-C5576DA25DA1}.ProfileE|x86.Build.0 = Profile|Win32
		{EFD9022D-D46D-4180-A1BF-C5576DA25DA1}.Release|x86.ActiveCfg = Release|Win32
		{EFD9022D-D46D-4180-A1BF-C5576DA25DA1}.Release|x86.Build.0 = Release|Win32
		{EFD9022D-D46D-4180-A1BF-C5576DA25DA1}.Spanish|x86.ActiveCfg = Debug|Win32
		{EFD9022D-D46D-4180-A1BF-C5576DA25DA1}.Spanish|x86.Build.0 = Debug|Win32
		{EFD9022D-D46D-4180-A1BF-C5576DA25DA1}.Template|x86.ActiveCfg = Template|Win32
		{EFD9022D-D46D-4180-A1BF-C5576DA25DA1}.Template|x86.Build.0 = Template|Win32
		{81C8F073-E4AE-4E16-9BA9-3A1423384967}.Debug|x86.ActiveCfg = Debug|Win32
		{81C8F073-E4AE-4E16-9BA9-3A1423384967}.Debug|x86.Build.0 = Debug|Win32
		{81C8F073-E4AE-4E16-9BA9-3A1423384967}.DebugE|x86.ActiveCfg = Debug|Win32
		{81C8F073-E4AE-4E16-9BA9-3A1423384967}.DebugE|x86.Build.0 = Debug|Win32
		{81C8F073-E4AE-4E16-9BA9-3A1423384967}.DebugW3D|x86.ActiveCfg = DebugW3D|Win32
		{81C8F073-E4AE-4E16-9BA9-3A1423384967}.DebugW3D|x86.Build.0 = DebugW3D|Win32
		{81C8F073-E4AE-4E16-9BA9-3A1423384967}.French|x86.ActiveCfg = Debug|Win32
		{81C8F073-E4AE-4E16-9BA9-3A1423384967}.French|x86.Build.0 = Debug|Win32
		{81C8F073-E4AE-4E16-9BA9-3A1423384967}.German|x86.ActiveCfg = Debug|Win32
		{81C8F073-E4AE-4E16-9BA9-3A1423384967}.German|x86.Build.0 = Debug|Win32
		{81C8F073-E4AE-4E16-9BA9-3A1423384967}.Internal|x86.ActiveCfg = Internal|Win32
		{81C8F073-E4AE-4E16-9BA9-3A1423384967}.Internal|x86.Build.0 = Internal|Win32
		{81C8F073-E4AE-4E16-9BA9-3A1423384967}.Profile|x86.ActiveCfg = Profile|Win32
		{81C8F073-E4AE-4E16-9BA9-3A1423384967}.Profile|x86.Build.0 = Profile|Win32
		{81C8F073-E4AE-4E16-9BA9-3A1423384967}.ProfileE|x86.ActiveCfg = Profile|Win32
		{81C8F073-E4AE-4E16-9BA9-3A1423384967}.ProfileE|x86.Build.0 = Profile|Win32
		{81C8F073-E4AE-4E16-9BA9-3A1423384967}.Release|x86.ActiveCfg = Release|Win32
		{81C8F073-E4AE-4E16-9BA9-3A1423384967}.Release|x86.Build.0 = Release|Win32
		{81C8F073-E4AE-4E16-9BA9-3A1423384967}.Spanish|x86.ActiveCfg = Debug|Win32
		{81C8F073-E4AE-4E16-9BA9-3A1423384967}.Spanish|x86.Build.0 = Debug|Win32
		{81C8F073-E4AE-4E16-9BA9-3A1423384967}.Template|x86.ActiveCfg = Template|Win32
		{81C8F073-E4AE-4E16-9BA9-3A1423384967}.Template|x86.Build.0 = Template|Win32
	EndGlobalSection
	GlobalSection(SolutionProperties) = preSolution
		HideSolutionNode = FALSE
	EndGlobalSection
	GlobalSection(ExtensibilityGlobals) = postSolution
		SolutionGuid = {C83BE80C-FB06-4D8A-A476-1A22AA15C39C}
	EndGlobalSection
EndGlobal
