<?xml version="1.0" encoding="utf-8"?>
<Project ToolsVersion="4.0" xmlns="http://schemas.microsoft.com/developer/msbuild/2003">
  <ItemGroup>
    <ClCompile Include="..\..\Src\Lib\WWVegas\WWDebug\wwdebug.cpp">
      <Filter>Source</Filter>
    </ClCompile>
    <ClCompile Include="..\..\Src\Lib\WWVegas\WWDebug\wwmemlog.cpp">
      <Filter>Source</Filter>
    </ClCompile>
    <ClCompile Include="..\..\Src\Lib\WWVegas\WWDebug\wwprofile.cpp">
      <Filter>Source</Filter>
    </ClCompile>
  </ItemGroup>
  <ItemGroup>
    <ClInclude Include="..\..\Src\Lib\WWVegas\WWDebug\wwdebug.h">
      <Filter>Includes</Filter>
    </ClInclude>
    <ClInclude Include="..\..\Src\Lib\WWVegas\WWDebug\wwhack.h">
      <Filter>Includes</Filter>
    </ClInclude>
    <ClInclude Include="..\..\Src\Lib\WWVegas\WWDebug\wwmemlog.h">
      <Filter>Includes</Filter>
    </ClInclude>
    <ClInclude Include="..\..\Src\Lib\WWVegas\WWDebug\wwprofile.h">
      <Filter>Includes</Filter>
    </ClInclude>
  </ItemGroup>
  <ItemGroup>
    <Filter Include="Includes">
      <UniqueIdentifier>{e59fe8bd-a0f6-410a-892b-52e1ac19eb4a}</UniqueIdentifier>
    </Filter>
    <Filter Include="Source">
      <UniqueIdentifier>{c5407b09-c9c8-460e-a4ac-7c9c4d7a2bc1}</UniqueIdentifier>
    </Filter>
  </ItemGroup>
</Project>