<?xml version="1.0" encoding="utf-8"?>
<Project ToolsVersion="4.0" xmlns="http://schemas.microsoft.com/developer/msbuild/2003">
  <ItemGroup>
    <ClInclude Include="..\..\Src\Lib\WWVegas\WWLib\_mono.h">
      <Filter>Includes</Filter>
    </ClInclude>
    <ClInclude Include="..\..\Src\Lib\WWVegas\WWLib\always.h">
      <Filter>Includes</Filter>
    </ClInclude>
    <ClInclude Include="..\..\Src\Lib\WWVegas\WWLib\argv.h">
      <Filter>Includes</Filter>
    </ClInclude>
    <ClInclude Include="..\..\Src\Lib\WWVegas\WWLib\b64pipe.h">
      <Filter>Includes</Filter>
    </ClInclude>
    <ClInclude Include="..\..\Src\Lib\WWVegas\WWLib\b64straw.h">
      <Filter>Includes</Filter>
    </ClInclude>
    <ClInclude Include="..\..\Src\Lib\WWVegas\WWLib\base64.h">
      <Filter>Includes</Filter>
    </ClInclude>
    <ClInclude Include="..\..\Src\Lib\WWVegas\WWLib\binheap.h">
      <Filter>Includes</Filter>
    </ClInclude>
    <ClInclude Include="..\..\Src\Lib\WWVegas\WWLib\bittype.h">
      <Filter>Includes</Filter>
    </ClInclude>
    <ClInclude Include="..\..\Src\Lib\WWVegas\WWLib\blit.h">
      <Filter>Includes</Filter>
    </ClInclude>
    <ClInclude Include="..\..\Src\Lib\WWVegas\WWLib\blitter.h">
      <Filter>Includes</Filter>
    </ClInclude>
    <ClInclude Include="..\..\Src\Lib\WWVegas\WWLib\bool.h">
      <Filter>Includes</Filter>
    </ClInclude>
    <ClInclude Include="..\..\Src\Lib\WWVegas\WWLib\borlandc.h">
      <Filter>Includes</Filter>
    </ClInclude>
    <ClInclude Include="..\..\Src\Lib\WWVegas\WWLib\bound.h">
      <Filter>Includes</Filter>
    </ClInclude>
    <ClInclude Include="..\..\Src\Lib\WWVegas\WWLib\BSEARCH.H">
      <Filter>Includes</Filter>
    </ClInclude>
    <ClInclude Include="..\..\Src\Lib\WWVegas\WWLib\bsurface.h">
      <Filter>Includes</Filter>
    </ClInclude>
    <ClInclude Include="..\..\Src\Lib\WWVegas\WWLib\BUFF.H">
      <Filter>Includes</Filter>
    </ClInclude>
    <ClInclude Include="..\..\Src\Lib\WWVegas\WWLib\bufffile.h">
      <Filter>Includes</Filter>
    </ClInclude>
    <ClInclude Include="..\..\Src\Lib\WWVegas\WWLib\CallbackHook.h">
      <Filter>Includes</Filter>
    </ClInclude>
    <ClInclude Include="..\..\Src\Lib\WWVegas\WWLib\chunkio.h">
      <Filter>Includes</Filter>
    </ClInclude>
    <ClInclude Include="..\..\Src\Lib\WWVegas\WWLib\Convert.h">
      <Filter>Includes</Filter>
    </ClInclude>
    <ClInclude Include="..\..\Src\Lib\WWVegas\WWLib\cpudetect.h">
      <Filter>Includes</Filter>
    </ClInclude>
    <ClInclude Include="..\..\Src\Lib\WWVegas\WWLib\CRC.H">
      <Filter>Includes</Filter>
    </ClInclude>
    <ClInclude Include="..\..\Src\Lib\WWVegas\WWLib\cstraw.h">
      <Filter>Includes</Filter>
    </ClInclude>
    <ClInclude Include="..\..\Src\Lib\WWVegas\WWLib\data.h">
      <Filter>Includes</Filter>
    </ClInclude>
    <ClInclude Include="..\..\Src\Lib\WWVegas\WWLib\dsurface.h">
      <Filter>Includes</Filter>
    </ClInclude>
    <ClInclude Include="..\..\Src\Lib\WWVegas\WWLib\ffactory.h">
      <Filter>Includes</Filter>
    </ClInclude>
    <ClInclude Include="..\..\Src\Lib\WWVegas\WWLib\FONT.H">
      <Filter>Includes</Filter>
    </ClInclude>
    <ClInclude Include="..\..\Src\Lib\WWVegas\WWLib\gcd_lcm.h">
      <Filter>Includes</Filter>
    </ClInclude>
    <ClInclude Include="..\..\Src\Lib\WWVegas\WWLib\growmix.h">
      <Filter>Includes</Filter>
    </ClInclude>
    <ClInclude Include="..\..\Src\Lib\WWVegas\WWLib\hash.h">
      <Filter>Includes</Filter>
    </ClInclude>
    <ClInclude Include="..\..\Src\Lib\WWVegas\WWLib\hashcalc.h">
      <Filter>Includes</Filter>
    </ClInclude>
    <ClInclude Include="..\..\Src\Lib\WWVegas\WWLib\HASHLIST.H">
      <Filter>Includes</Filter>
    </ClInclude>
    <ClInclude Include="..\..\Src\Lib\WWVegas\WWLib\hashtemplate.h">
      <Filter>Includes</Filter>
    </ClInclude>
    <ClInclude Include="..\..\Src\Lib\WWVegas\WWLib\IFF.H">
      <Filter>Includes</Filter>
    </ClInclude>
    <ClInclude Include="..\..\Src\Lib\WWVegas\WWLib\INDEX.H">
      <Filter>Includes</Filter>
    </ClInclude>
    <ClInclude Include="..\..\Src\Lib\WWVegas\WWLib\INI.H">
      <Filter>Includes</Filter>
    </ClInclude>
    <ClInclude Include="..\..\Src\Lib\WWVegas\WWLib\inisup.h">
      <Filter>Includes</Filter>
    </ClInclude>
    <ClInclude Include="..\..\Src\Lib\WWVegas\WWLib\INT.H">
      <Filter>Includes</Filter>
    </ClInclude>
    <ClInclude Include="..\..\Src\Lib\WWVegas\WWLib\iostruct.h">
      <Filter>Includes</Filter>
    </ClInclude>
    <ClInclude Include="..\..\Src\Lib\WWVegas\WWLib\keyboard.h">
      <Filter>Includes</Filter>
    </ClInclude>
    <ClInclude Include="..\..\Src\Lib\WWVegas\WWLib\LaunchWeb.h">
      <Filter>Includes</Filter>
    </ClInclude>
    <ClInclude Include="..\..\Src\Lib\WWVegas\WWLib\LCW.H">
      <Filter>Includes</Filter>
    </ClInclude>
    <ClInclude Include="..\..\Src\Lib\WWVegas\WWLib\LISTNODE.H">
      <Filter>Includes</Filter>
    </ClInclude>
    <ClInclude Include="..\..\Src\Lib\WWVegas\WWLib\mempool.h">
      <Filter>Includes</Filter>
    </ClInclude>
    <ClInclude Include="..\..\Src\Lib\WWVegas\WWLib\mixfile.h">
      <Filter>Includes</Filter>
    </ClInclude>
    <ClInclude Include="..\..\Src\Lib\WWVegas\WWLib\MONO.H">
      <Filter>Includes</Filter>
    </ClInclude>
    <ClInclude Include="..\..\Src\Lib\WWVegas\WWLib\MONODRVR.H">
      <Filter>Includes</Filter>
    </ClInclude>
    <ClInclude Include="..\..\Src\Lib\WWVegas\WWLib\MPMATH.H">
      <Filter>Includes</Filter>
    </ClInclude>
    <ClInclude Include="..\..\Src\Lib\WWVegas\WWLib\MPU.H">
      <Filter>Includes</Filter>
    </ClInclude>
    <ClInclude Include="..\..\Src\Lib\WWVegas\WWLib\msgloop.h">
      <Filter>Includes</Filter>
    </ClInclude>
    <ClInclude Include="..\..\Src\Lib\WWVegas\WWLib\multilist.h">
      <Filter>Includes</Filter>
    </ClInclude>
    <ClInclude Include="..\..\Src\Lib\WWVegas\WWLib\mutex.h">
      <Filter>Includes</Filter>
    </ClInclude>
    <ClInclude Include="..\..\Src\Lib\WWVegas\WWLib\Notify.h">
      <Filter>Includes</Filter>
    </ClInclude>
    <ClInclude Include="..\..\Src\Lib\WWVegas\WWLib\nstrdup.h">
      <Filter>Includes</Filter>
    </ClInclude>
    <ClInclude Include="..\..\Src\Lib\WWVegas\WWLib\ntree.h">
      <Filter>Includes</Filter>
    </ClInclude>
    <ClInclude Include="..\..\Src\Lib\WWVegas\WWLib\PALETTE.H">
      <Filter>Includes</Filter>
    </ClInclude>
    <ClInclude Include="..\..\Src\Lib\WWVegas\WWLib\pcx.H">
      <Filter>Includes</Filter>
    </ClInclude>
    <ClInclude Include="..\..\Src\Lib\WWVegas\WWLib\PIPE.H">
      <Filter>Includes</Filter>
    </ClInclude>
    <ClInclude Include="..\..\Src\Lib\WWVegas\WWLib\PK.H">
      <Filter>Includes</Filter>
    </ClInclude>
    <ClInclude Include="..\..\Src\Lib\WWVegas\WWLib\Point.h">
      <Filter>Includes</Filter>
    </ClInclude>
    <ClInclude Include="..\..\Src\Lib\WWVegas\WWLib\RAMFILE.H">
      <Filter>Includes</Filter>
    </ClInclude>
    <ClInclude Include="..\..\Src\Lib\WWVegas\WWLib\RANDOM.H">
      <Filter>Includes</Filter>
    </ClInclude>
    <ClInclude Include="..\..\Src\Lib\WWVegas\WWLib\RAWFILE.H">
      <Filter>Includes</Filter>
    </ClInclude>
    <ClInclude Include="..\..\Src\Lib\WWVegas\WWLib\rc4.h">
      <Filter>Includes</Filter>
    </ClInclude>
    <ClInclude Include="..\..\Src\Lib\WWVegas\WWLib\rcfile.h">
      <Filter>Includes</Filter>
    </ClInclude>
    <ClInclude Include="..\..\Src\Lib\WWVegas\WWLib\readline.h">
      <Filter>Includes</Filter>
    </ClInclude>
    <ClInclude Include="..\..\Src\Lib\WWVegas\WWLib\realcrc.h">
      <Filter>Includes</Filter>
    </ClInclude>
    <ClInclude Include="..\..\Src\Lib\WWVegas\WWLib\ref_ptr.h">
      <Filter>Includes</Filter>
    </ClInclude>
    <ClInclude Include="..\..\Src\Lib\WWVegas\WWLib\refcount.h">
      <Filter>Includes</Filter>
    </ClInclude>
    <ClInclude Include="..\..\Src\Lib\WWVegas\WWLib\registry.h">
      <Filter>Includes</Filter>
    </ClInclude>
    <ClInclude Include="..\..\Src\Lib\WWVegas\WWLib\RGB.H">
      <Filter>Includes</Filter>
    </ClInclude>
    <ClInclude Include="..\..\Src\Lib\WWVegas\WWLib\RLE.H">
      <Filter>Includes</Filter>
    </ClInclude>
    <ClInclude Include="..\..\Src\Lib\WWVegas\WWLib\RNDSTRAW.H">
      <Filter>Includes</Filter>
    </ClInclude>
    <ClInclude Include="..\..\Src\Lib\WWVegas\WWLib\rndstrng.h">
      <Filter>Includes</Filter>
    </ClInclude>
    <ClInclude Include="..\..\Src\Lib\WWVegas\WWLib\rng.h">
      <Filter>Includes</Filter>
    </ClInclude>
    <ClInclude Include="..\..\Src\Lib\WWVegas\WWLib\rsacrypt.h">
      <Filter>Includes</Filter>
    </ClInclude>
    <ClInclude Include="..\..\Src\Lib\WWVegas\WWLib\sampler.h">
      <Filter>Includes</Filter>
    </ClInclude>
    <ClInclude Include="..\..\Src\Lib\WWVegas\WWLib\sha.h">
      <Filter>Includes</Filter>
    </ClInclude>
    <ClInclude Include="..\..\Src\Lib\WWVegas\WWLib\shapeset.h">
      <Filter>Includes</Filter>
    </ClInclude>
    <ClInclude Include="..\..\Src\Lib\WWVegas\WWLib\sharebuf.h">
      <Filter>Includes</Filter>
    </ClInclude>
    <ClInclude Include="..\..\Src\Lib\WWVegas\WWLib\Signaler.h">
      <Filter>Includes</Filter>
    </ClInclude>
    <ClInclude Include="..\..\Src\Lib\WWVegas\WWLib\simplevec.h">
      <Filter>Includes</Filter>
    </ClInclude>
    <ClInclude Include="..\..\Src\Lib\WWVegas\WWLib\SLIST.H">
      <Filter>Includes</Filter>
    </ClInclude>
    <ClInclude Include="..\..\Src\Lib\WWVegas\WWLib\SLNODE.H">
      <Filter>Includes</Filter>
    </ClInclude>
    <ClInclude Include="..\..\Src\Lib\WWVegas\WWLib\srandom.h">
      <Filter>Includes</Filter>
    </ClInclude>
    <ClInclude Include="..\..\Src\Lib\WWVegas\WWLib\stl.h">
      <Filter>Includes</Filter>
    </ClInclude>
    <ClInclude Include="..\..\Src\Lib\WWVegas\WWLib\STRAW.H">
      <Filter>Includes</Filter>
    </ClInclude>
    <ClInclude Include="..\..\Src\Lib\WWVegas\WWLib\strtok_r.h">
      <Filter>Includes</Filter>
    </ClInclude>
    <ClInclude Include="..\..\Src\Lib\WWVegas\WWLib\Surface.h">
      <Filter>Includes</Filter>
    </ClInclude>
    <ClInclude Include="..\..\Src\Lib\WWVegas\WWLib\surfrect.h">
      <Filter>Includes</Filter>
    </ClInclude>
    <ClInclude Include="..\..\Src\Lib\WWVegas\WWLib\systimer.h">
      <Filter>Includes</Filter>
    </ClInclude>
    <ClInclude Include="..\..\Src\Lib\WWVegas\WWLib\TagBlock.h">
      <Filter>Includes</Filter>
    </ClInclude>
    <ClInclude Include="..\..\Src\Lib\WWVegas\WWLib\TARGA.H">
      <Filter>Includes</Filter>
    </ClInclude>
    <ClInclude Include="..\..\Src\Lib\WWVegas\WWLib\textfile.h">
      <Filter>Includes</Filter>
    </ClInclude>
    <ClInclude Include="..\..\Src\Lib\WWVegas\WWLib\thread.h">
      <Filter>Includes</Filter>
    </ClInclude>
    <ClInclude Include="..\..\Src\Lib\WWVegas\WWLib\timer.h">
      <Filter>Includes</Filter>
    </ClInclude>
    <ClInclude Include="..\..\Src\Lib\WWVegas\WWLib\trackwin.h">
      <Filter>Includes</Filter>
    </ClInclude>
    <ClInclude Include="..\..\Src\Lib\WWVegas\WWLib\trect.h">
      <Filter>Includes</Filter>
    </ClInclude>
    <ClInclude Include="..\..\Src\Lib\WWVegas\WWLib\trim.h">
      <Filter>Includes</Filter>
    </ClInclude>
    <ClInclude Include="..\..\Src\Lib\WWVegas\WWLib\uarray.h">
      <Filter>Includes</Filter>
    </ClInclude>
    <ClInclude Include="..\..\Src\Lib\WWVegas\WWLib\Vector.H">
      <Filter>Includes</Filter>
    </ClInclude>
    <ClInclude Include="..\..\Src\Lib\WWVegas\WWLib\verchk.h">
      <Filter>Includes</Filter>
    </ClInclude>
    <ClInclude Include="..\..\Src\Lib\WWVegas\WWLib\visualc.h">
      <Filter>Includes</Filter>
    </ClInclude>
    <ClInclude Include="..\..\Src\Lib\WWVegas\WWLib\WATCOM.H">
      <Filter>Includes</Filter>
    </ClInclude>
    <ClInclude Include="..\..\Src\Lib\WWVegas\WWLib\widestring.h">
      <Filter>Includes</Filter>
    </ClInclude>
    <ClInclude Include="..\..\Src\Lib\WWVegas\WWLib\win.h">
      <Filter>Includes</Filter>
    </ClInclude>
    <ClInclude Include="..\..\Src\Lib\WWVegas\WWLib\WWCOMUtil.h">
      <Filter>Includes</Filter>
    </ClInclude>
    <ClInclude Include="..\..\Src\Lib\WWVegas\WWLib\WWFILE.H">
      <Filter>Includes</Filter>
    </ClInclude>
    <ClInclude Include="..\..\Src\Lib\WWVegas\WWLib\wwstring.h">
      <Filter>Includes</Filter>
    </ClInclude>
    <ClInclude Include="..\..\Src\Lib\WWVegas\WWLib\xmouse.h">
      <Filter>Includes</Filter>
    </ClInclude>
    <ClInclude Include="..\..\Src\Lib\WWVegas\WWLib\XPIPE.H">
      <Filter>Includes</Filter>
    </ClInclude>
    <ClInclude Include="..\..\Src\Lib\WWVegas\WWLib\XSTRAW.H">
      <Filter>Includes</Filter>
    </ClInclude>
    <ClInclude Include="..\..\Src\Lib\WWVegas\WWLib\xsurface.h">
      <Filter>Includes</Filter>
    </ClInclude>
  </ItemGroup>
  <ItemGroup>
    <Filter Include="Source">
      <UniqueIdentifier>{96aba6f9-13b2-420b-9dd6-92dffa98d2bc}</UniqueIdentifier>
    </Filter>
    <Filter Include="Includes">
      <UniqueIdentifier>{359240f1-7223-4915-9227-b324070b3437}</UniqueIdentifier>
    </Filter>
  </ItemGroup>
  <ItemGroup>
    <ClCompile Include="..\..\Src\Lib\WWVegas\WWLib\_convert.cpp">
      <Filter>Source</Filter>
    </ClCompile>
    <ClCompile Include="..\..\Src\Lib\WWVegas\WWLib\_mono.cpp">
      <Filter>Source</Filter>
    </ClCompile>
    <ClCompile Include="..\..\Src\Lib\WWVegas\WWLib\b64pipe.cpp">
      <Filter>Source</Filter>
    </ClCompile>
    <ClCompile Include="..\..\Src\Lib\WWVegas\WWLib\b64straw.cpp">
      <Filter>Source</Filter>
    </ClCompile>
    <ClCompile Include="..\..\Src\Lib\WWVegas\WWLib\base64.cpp">
      <Filter>Source</Filter>
    </ClCompile>
    <ClCompile Include="..\..\Src\Lib\WWVegas\WWLib\blit.cpp">
      <Filter>Source</Filter>
    </ClCompile>
    <ClCompile Include="..\..\Src\Lib\WWVegas\WWLib\blowfish.cpp">
      <Filter>Source</Filter>
    </ClCompile>
    <ClCompile Include="..\..\Src\Lib\WWVegas\WWLib\buff.cpp">
      <Filter>Source</Filter>
    </ClCompile>
    <ClCompile Include="..\..\Src\Lib\WWVegas\WWLib\bufffile.cpp">
      <Filter>Source</Filter>
    </ClCompile>
    <ClCompile Include="..\..\Src\Lib\WWVegas\WWLib\chunkio.cpp">
      <Filter>Source</Filter>
    </ClCompile>
    <ClCompile Include="..\..\Src\Lib\WWVegas\WWLib\convert.cpp">
      <Filter>Source</Filter>
    </ClCompile>
    <ClCompile Include="..\..\Src\Lib\WWVegas\WWLib\cpudetect.cpp">
      <Filter>Source</Filter>
    </ClCompile>
    <ClCompile Include="..\..\Src\Lib\WWVegas\WWLib\crc.cpp">
      <Filter>Source</Filter>
    </ClCompile>
    <ClCompile Include="..\..\Src\Lib\WWVegas\WWLib\cstraw.cpp">
      <Filter>Source</Filter>
    </ClCompile>
    <ClCompile Include="..\..\Src\Lib\WWVegas\WWLib\data.cpp">
      <Filter>Source</Filter>
    </ClCompile>
    <ClCompile Include="..\..\Src\Lib\WWVegas\WWLib\ddraw.cpp">
      <Filter>Source</Filter>
    </ClCompile>
    <ClCompile Include="..\..\Src\Lib\WWVegas\WWLib\dsurface.cpp">
      <Filter>Source</Filter>
    </ClCompile>
    <ClCompile Include="..\..\Src\Lib\WWVegas\WWLib\ffactory.cpp">
      <Filter>Source</Filter>
    </ClCompile>
    <ClCompile Include="..\..\Src\Lib\WWVegas\WWLib\gcd_lcm.cpp">
      <Filter>Source</Filter>
    </ClCompile>
    <ClCompile Include="..\..\Src\Lib\WWVegas\WWLib\hash.cpp">
      <Filter>Source</Filter>
    </ClCompile>
    <ClCompile Include="..\..\Src\Lib\WWVegas\WWLib\hsv.cpp">
      <Filter>Source</Filter>
    </ClCompile>
    <ClCompile Include="..\..\Src\Lib\WWVegas\WWLib\ini.cpp">
      <Filter>Source</Filter>
    </ClCompile>
    <ClCompile Include="..\..\Src\Lib\WWVegas\WWLib\int.cpp">
      <Filter>Source</Filter>
    </ClCompile>
    <ClCompile Include="..\..\Src\Lib\WWVegas\WWLib\jshell.cpp">
      <Filter>Source</Filter>
    </ClCompile>
    <ClCompile Include="..\..\Src\Lib\WWVegas\WWLib\keyboard.cpp">
      <Filter>Source</Filter>
    </ClCompile>
    <ClCompile Include="..\..\Src\Lib\WWVegas\WWLib\LaunchWeb.cpp">
      <Filter>Source</Filter>
    </ClCompile>
    <ClCompile Include="..\..\Src\Lib\WWVegas\WWLib\lcw.cpp">
      <Filter>Source</Filter>
    </ClCompile>
    <ClCompile Include="..\..\Src\Lib\WWVegas\WWLib\load.cpp">
      <Filter>Source</Filter>
    </ClCompile>
    <ClCompile Include="..\..\Src\Lib\WWVegas\WWLib\mono.cpp">
      <Filter>Source</Filter>
    </ClCompile>
    <ClCompile Include="..\..\Src\Lib\WWVegas\WWLib\mpmath.cpp">
      <Filter>Source</Filter>
    </ClCompile>
    <ClCompile Include="..\..\Src\Lib\WWVegas\WWLib\mpu.cpp">
      <Filter>Source</Filter>
    </ClCompile>
    <ClCompile Include="..\..\Src\Lib\WWVegas\WWLib\msgloop.cpp">
      <Filter>Source</Filter>
    </ClCompile>
    <ClCompile Include="..\..\Src\Lib\WWVegas\WWLib\multilist.cpp">
      <Filter>Source</Filter>
    </ClCompile>
    <ClCompile Include="..\..\Src\Lib\WWVegas\WWLib\mutex.cpp">
      <Filter>Source</Filter>
    </ClCompile>
    <ClCompile Include="..\..\Src\Lib\WWVegas\WWLib\nstrdup.cpp">
      <Filter>Source</Filter>
    </ClCompile>
    <ClCompile Include="..\..\Src\Lib\WWVegas\WWLib\palette.cpp">
      <Filter>Source</Filter>
    </ClCompile>
    <ClCompile Include="..\..\Src\Lib\WWVegas\WWLib\pcx.cpp">
      <Filter>Source</Filter>
    </ClCompile>
    <ClCompile Include="..\..\Src\Lib\WWVegas\WWLib\pipe.cpp">
      <Filter>Source</Filter>
    </ClCompile>
    <ClCompile Include="..\..\Src\Lib\WWVegas\WWLib\pk.cpp">
      <Filter>Source</Filter>
    </ClCompile>
    <ClCompile Include="..\..\Src\Lib\WWVegas\WWLib\ramfile.cpp">
      <Filter>Source</Filter>
    </ClCompile>
    <ClCompile Include="..\..\Src\Lib\WWVegas\WWLib\random.cpp">
      <Filter>Source</Filter>
    </ClCompile>
    <ClCompile Include="..\..\Src\Lib\WWVegas\WWLib\rawfile.cpp">
      <Filter>Source</Filter>
    </ClCompile>
    <ClCompile Include="..\..\Src\Lib\WWVegas\WWLib\rc4.cpp">
      <Filter>Source</Filter>
    </ClCompile>
    <ClCompile Include="..\..\Src\Lib\WWVegas\WWLib\rcfile.cpp">
      <Filter>Source</Filter>
    </ClCompile>
    <ClCompile Include="..\..\Src\Lib\WWVegas\WWLib\readline.cpp">
      <Filter>Source</Filter>
    </ClCompile>
    <ClCompile Include="..\..\Src\Lib\WWVegas\WWLib\realcrc.cpp">
      <Filter>Source</Filter>
    </ClCompile>
    <ClCompile Include="..\..\Src\Lib\WWVegas\WWLib\refcount.cpp">
      <Filter>Source</Filter>
    </ClCompile>
    <ClCompile Include="..\..\Src\Lib\WWVegas\WWLib\registry.cpp">
      <Filter>Source</Filter>
    </ClCompile>
    <ClCompile Include="..\..\Src\Lib\WWVegas\WWLib\rgb.cpp">
      <Filter>Source</Filter>
    </ClCompile>
    <ClCompile Include="..\..\Src\Lib\WWVegas\WWLib\rle.cpp">
      <Filter>Source</Filter>
    </ClCompile>
    <ClCompile Include="..\..\Src\Lib\WWVegas\WWLib\rndstrng.cpp">
      <Filter>Source</Filter>
    </ClCompile>
    <ClCompile Include="..\..\Src\Lib\WWVegas\WWLib\sampler.cpp">
      <Filter>Source</Filter>
    </ClCompile>
    <ClCompile Include="..\..\Src\Lib\WWVegas\WWLib\sha.cpp">
      <Filter>Source</Filter>
    </ClCompile>
    <ClCompile Include="..\..\Src\Lib\WWVegas\WWLib\slnode.cpp">
      <Filter>Source</Filter>
    </ClCompile>
    <ClCompile Include="..\..\Src\Lib\WWVegas\WWLib\srandom.cpp">
      <Filter>Source</Filter>
    </ClCompile>
    <ClCompile Include="..\..\Src\Lib\WWVegas\WWLib\stimer.cpp">
      <Filter>Source</Filter>
    </ClCompile>
    <ClCompile Include="..\..\Src\Lib\WWVegas\WWLib\straw.cpp">
      <Filter>Source</Filter>
    </ClCompile>
    <ClCompile Include="..\..\Src\Lib\WWVegas\WWLib\strtok_r.cpp">
      <Filter>Source</Filter>
    </ClCompile>
    <ClCompile Include="..\..\Src\Lib\WWVegas\WWLib\systimer.cpp">
      <Filter>Source</Filter>
    </ClCompile>
    <ClCompile Include="..\..\Src\Lib\WWVegas\WWLib\tagblock.cpp">
      <Filter>Source</Filter>
    </ClCompile>
    <ClCompile Include="..\..\Src\Lib\WWVegas\WWLib\TARGA.CPP">
      <Filter>Source</Filter>
    </ClCompile>
    <ClCompile Include="..\..\Src\Lib\WWVegas\WWLib\textfile.cpp">
      <Filter>Source</Filter>
    </ClCompile>
    <ClCompile Include="..\..\Src\Lib\WWVegas\WWLib\thread.cpp">
      <Filter>Source</Filter>
    </ClCompile>
    <ClCompile Include="..\..\Src\Lib\WWVegas\WWLib\trim.cpp">
      <Filter>Source</Filter>
    </ClCompile>
    <ClCompile Include="..\..\Src\Lib\WWVegas\WWLib\vector.cpp">
      <Filter>Source</Filter>
    </ClCompile>
    <ClCompile Include="..\..\Src\Lib\WWVegas\WWLib\widestring.cpp">
      <Filter>Source</Filter>
    </ClCompile>
    <ClCompile Include="..\..\Src\Lib\WWVegas\WWLib\win.cpp">
      <Filter>Source</Filter>
    </ClCompile>
    <ClCompile Include="..\..\Src\Lib\WWVegas\WWLib\WWCOMUtil.cpp">
      <Filter>Source</Filter>
    </ClCompile>
    <ClCompile Include="..\..\Src\Lib\WWVegas\WWLib\wwfile.cpp">
      <Filter>Source</Filter>
    </ClCompile>
    <ClCompile Include="..\..\Src\Lib\WWVegas\WWLib\wwfont.cpp">
      <Filter>Source</Filter>
    </ClCompile>
    <ClCompile Include="..\..\Src\Lib\WWVegas\WWLib\wwstring.cpp">
      <Filter>Source</Filter>
    </ClCompile>
    <ClCompile Include="..\..\Src\Lib\WWVegas\WWLib\xpipe.cpp">
      <Filter>Source</Filter>
    </ClCompile>
    <ClCompile Include="..\..\Src\Lib\WWVegas\WWLib\xstraw.cpp">
      <Filter>Source</Filter>
    </ClCompile>
    <ClCompile Include="..\..\Src\Lib\WWVegas\WWLib\xsurface.cpp">
      <Filter>Source</Filter>
    </ClCompile>
  </ItemGroup>
</Project>