<?xml version="1.0" encoding="utf-8"?>
<Project ToolsVersion="4.0" xmlns="http://schemas.microsoft.com/developer/msbuild/2003">
  <ItemGroup>
    <ClCompile Include="..\..\Src\Lib\WWVegas\WWMath\aabox.cpp">
      <Filter>Source</Filter>
    </ClCompile>
    <ClCompile Include="..\..\Src\Lib\WWVegas\WWMath\aabtreecull.cpp">
      <Filter>Source</Filter>
    </ClCompile>
    <ClCompile Include="..\..\Src\Lib\WWVegas\WWMath\cardinalspline.cpp">
      <Filter>Source</Filter>
    </ClCompile>
    <ClCompile Include="..\..\Src\Lib\WWVegas\WWMath\catmullromspline.cpp">
      <Filter>Source</Filter>
    </ClCompile>
    <ClCompile Include="..\..\Src\Lib\WWVegas\WWMath\colmath.cpp">
      <Filter>Source</Filter>
    </ClCompile>
    <ClCompile Include="..\..\Src\Lib\WWVegas\WWMath\colmathaabox.cpp">
      <Filter>Source</Filter>
    </ClCompile>
    <ClCompile Include="..\..\Src\Lib\WWVegas\WWMath\colmathaabtri.cpp">
      <Filter>Source</Filter>
    </ClCompile>
    <ClCompile Include="..\..\Src\Lib\WWVegas\WWMath\colmathfrustum.cpp">
      <Filter>Source</Filter>
    </ClCompile>
    <ClCompile Include="..\..\Src\Lib\WWVegas\WWMath\colmathline.cpp">
      <Filter>Source</Filter>
    </ClCompile>
    <ClCompile Include="..\..\Src\Lib\WWVegas\WWMath\colmathobbobb.cpp">
      <Filter>Source</Filter>
    </ClCompile>
    <ClCompile Include="..\..\Src\Lib\WWVegas\WWMath\colmathobbox.cpp">
      <Filter>Source</Filter>
    </ClCompile>
    <ClCompile Include="..\..\Src\Lib\WWVegas\WWMath\colmathobbtri.cpp">
      <Filter>Source</Filter>
    </ClCompile>
    <ClCompile Include="..\..\Src\Lib\WWVegas\WWMath\colmathplane.cpp">
      <Filter>Source</Filter>
    </ClCompile>
    <ClCompile Include="..\..\Src\Lib\WWVegas\WWMath\colmathsphere.cpp">
      <Filter>Source</Filter>
    </ClCompile>
    <ClCompile Include="..\..\Src\Lib\WWVegas\WWMath\cullsys.cpp">
      <Filter>Source</Filter>
    </ClCompile>
    <ClCompile Include="..\..\Src\Lib\WWVegas\WWMath\curve.cpp">
      <Filter>Source</Filter>
    </ClCompile>
    <ClCompile Include="..\..\Src\Lib\WWVegas\WWMath\euler.cpp">
      <Filter>Source</Filter>
    </ClCompile>
    <ClCompile Include="..\..\Src\Lib\WWVegas\WWMath\frustum.cpp">
      <Filter>Source</Filter>
    </ClCompile>
    <ClCompile Include="..\..\Src\Lib\WWVegas\WWMath\gridcull.cpp">
      <Filter>Source</Filter>
    </ClCompile>
    <ClCompile Include="..\..\Src\Lib\WWVegas\WWMath\hermitespline.cpp">
      <Filter>Source</Filter>
    </ClCompile>
    <ClCompile Include="..\..\Src\Lib\WWVegas\WWMath\lineseg.cpp">
      <Filter>Source</Filter>
    </ClCompile>
    <ClCompile Include="..\..\Src\Lib\WWVegas\WWMath\lookuptable.cpp">
      <Filter>Source</Filter>
    </ClCompile>
    <ClCompile Include="..\..\Src\Lib\WWVegas\WWMath\matrix3.cpp">
      <Filter>Source</Filter>
    </ClCompile>
    <ClCompile Include="..\..\Src\Lib\WWVegas\WWMath\matrix3d.cpp">
      <Filter>Source</Filter>
    </ClCompile>
    <ClCompile Include="..\..\Src\Lib\WWVegas\WWMath\matrix4.cpp">
      <Filter>Source</Filter>
    </ClCompile>
    <ClCompile Include="..\..\Src\Lib\WWVegas\WWMath\obbox.cpp">
      <Filter>Source</Filter>
    </ClCompile>
    <ClCompile Include="..\..\Src\Lib\WWVegas\WWMath\ode.cpp">
      <Filter>Source</Filter>
    </ClCompile>
    <ClCompile Include="..\..\Src\Lib\WWVegas\WWMath\pot.cpp">
      <Filter>Source</Filter>
    </ClCompile>
    <ClCompile Include="..\..\Src\Lib\WWVegas\WWMath\quat.cpp">
      <Filter>Source</Filter>
    </ClCompile>
    <ClCompile Include="..\..\Src\Lib\WWVegas\WWMath\tcbspline.cpp">
      <Filter>Source</Filter>
    </ClCompile>
    <ClCompile Include="..\..\Src\Lib\WWVegas\WWMath\tri.cpp">
      <Filter>Source</Filter>
    </ClCompile>
    <ClCompile Include="..\..\Src\Lib\WWVegas\WWMath\v3_rnd.cpp">
      <Filter>Source</Filter>
    </ClCompile>
    <ClCompile Include="..\..\Src\Lib\WWVegas\WWMath\vehiclecurve.cpp">
      <Filter>Source</Filter>
    </ClCompile>
    <ClCompile Include="..\..\Src\Lib\WWVegas\WWMath\wwmath.cpp">
      <Filter>Source</Filter>
    </ClCompile>
    <ClCompile Include="..\..\Src\Lib\WWVegas\WWMath\vp.cpp">
      <Filter>Source</Filter>
    </ClCompile>
  </ItemGroup>
  <ItemGroup>
    <ClInclude Include="..\..\Src\Lib\WWVegas\WWMath\aabox.h">
      <Filter>Includes</Filter>
    </ClInclude>
    <ClInclude Include="..\..\Src\Lib\WWVegas\WWMath\aabtreecull.h">
      <Filter>Includes</Filter>
    </ClInclude>
    <ClInclude Include="..\..\Src\Lib\WWVegas\WWMath\aaplane.h">
      <Filter>Includes</Filter>
    </ClInclude>
    <ClInclude Include="..\..\Src\Lib\WWVegas\WWMath\cardinalspline.h">
      <Filter>Includes</Filter>
    </ClInclude>
    <ClInclude Include="..\..\Src\Lib\WWVegas\WWMath\castres.h">
      <Filter>Includes</Filter>
    </ClInclude>
    <ClInclude Include="..\..\Src\Lib\WWVegas\WWMath\catmullromspline.h">
      <Filter>Includes</Filter>
    </ClInclude>
    <ClInclude Include="..\..\Src\Lib\WWVegas\WWMath\colmath.h">
      <Filter>Includes</Filter>
    </ClInclude>
    <ClInclude Include="..\..\Src\Lib\WWVegas\WWMath\colmathaabox.h">
      <Filter>Includes</Filter>
    </ClInclude>
    <ClInclude Include="..\..\Src\Lib\WWVegas\WWMath\colmathfrustum.h">
      <Filter>Includes</Filter>
    </ClInclude>
    <ClInclude Include="..\..\Src\Lib\WWVegas\WWMath\colmathinlines.h">
      <Filter>Includes</Filter>
    </ClInclude>
    <ClInclude Include="..\..\Src\Lib\WWVegas\WWMath\colmathline.h">
      <Filter>Includes</Filter>
    </ClInclude>
    <ClInclude Include="..\..\Src\Lib\WWVegas\WWMath\colmathplane.h">
      <Filter>Includes</Filter>
    </ClInclude>
    <ClInclude Include="..\..\Src\Lib\WWVegas\WWMath\cullsys.h">
      <Filter>Includes</Filter>
    </ClInclude>
    <ClInclude Include="..\..\Src\Lib\WWVegas\WWMath\culltype.h">
      <Filter>Includes</Filter>
    </ClInclude>
    <ClInclude Include="..\..\Src\Lib\WWVegas\WWMath\curve.h">
      <Filter>Includes</Filter>
    </ClInclude>
    <ClInclude Include="..\..\Src\Lib\WWVegas\WWMath\euler.h">
      <Filter>Includes</Filter>
    </ClInclude>
    <ClInclude Include="..\..\Src\Lib\WWVegas\WWMath\frustum.h">
      <Filter>Includes</Filter>
    </ClInclude>
    <ClInclude Include="..\..\Src\Lib\WWVegas\WWMath\gridcull.h">
      <Filter>Includes</Filter>
    </ClInclude>
    <ClInclude Include="..\..\Src\Lib\WWVegas\WWMath\hermitespline.h">
      <Filter>Includes</Filter>
    </ClInclude>
    <ClInclude Include="..\..\Src\Lib\WWVegas\WWMath\lineseg.h">
      <Filter>Includes</Filter>
    </ClInclude>
    <ClInclude Include="..\..\Src\Lib\WWVegas\WWMath\lookuptable.h">
      <Filter>Includes</Filter>
    </ClInclude>
    <ClInclude Include="..\..\Src\Lib\WWVegas\WWMath\matrix3.h">
      <Filter>Includes</Filter>
    </ClInclude>
    <ClInclude Include="..\..\Src\Lib\WWVegas\WWMath\matrix3d.h">
      <Filter>Includes</Filter>
    </ClInclude>
    <ClInclude Include="..\..\Src\Lib\WWVegas\WWMath\matrix4.h">
      <Filter>Includes</Filter>
    </ClInclude>
    <ClInclude Include="..\..\Src\Lib\WWVegas\WWMath\normalcone.h">
      <Filter>Includes</Filter>
    </ClInclude>
    <ClInclude Include="..\..\Src\Lib\WWVegas\WWMath\obbox.h">
      <Filter>Includes</Filter>
    </ClInclude>
    <ClInclude Include="..\..\Src\Lib\WWVegas\WWMath\ode.h">
      <Filter>Includes</Filter>
    </ClInclude>
    <ClInclude Include="..\..\Src\Lib\WWVegas\WWMath\plane.h">
      <Filter>Includes</Filter>
    </ClInclude>
    <ClInclude Include="..\..\Src\Lib\WWVegas\WWMath\pot.h">
      <Filter>Includes</Filter>
    </ClInclude>
    <ClInclude Include="..\..\Src\Lib\WWVegas\WWMath\quat.h">
      <Filter>Includes</Filter>
    </ClInclude>
    <ClInclude Include="..\..\Src\Lib\WWVegas\WWMath\rect.h">
      <Filter>Includes</Filter>
    </ClInclude>
    <ClInclude Include="..\..\Src\Lib\WWVegas\WWMath\sphere.h">
      <Filter>Includes</Filter>
    </ClInclude>
    <ClInclude Include="..\..\Src\Lib\WWVegas\WWMath\tcbspline.h">
      <Filter>Includes</Filter>
    </ClInclude>
    <ClInclude Include="..\..\Src\Lib\WWVegas\WWMath\tri.h">
      <Filter>Includes</Filter>
    </ClInclude>
    <ClInclude Include="..\..\Src\Lib\WWVegas\WWMath\v3_rnd.h">
      <Filter>Includes</Filter>
    </ClInclude>
    <ClInclude Include="..\..\Src\Lib\WWVegas\WWMath\vector2.h">
      <Filter>Includes</Filter>
    </ClInclude>
    <ClInclude Include="..\..\Src\Lib\WWVegas\WWMath\vector2i.h">
      <Filter>Includes</Filter>
    </ClInclude>
    <ClInclude Include="..\..\Src\Lib\WWVegas\WWMath\vector3.h">
      <Filter>Includes</Filter>
    </ClInclude>
    <ClInclude Include="..\..\Src\Lib\WWVegas\WWMath\Vector3i.h">
      <Filter>Includes</Filter>
    </ClInclude>
    <ClInclude Include="..\..\Src\Lib\WWVegas\WWMath\vector4.h">
      <Filter>Includes</Filter>
    </ClInclude>
    <ClInclude Include="..\..\Src\Lib\WWVegas\WWMath\vehiclecurve.h">
      <Filter>Includes</Filter>
    </ClInclude>
    <ClInclude Include="..\..\Src\Lib\WWVegas\WWMath\vp.h">
      <Filter>Includes</Filter>
    </ClInclude>
    <ClInclude Include="..\..\Src\Lib\WWVegas\WWMath\wwmath.h">
      <Filter>Includes</Filter>
    </ClInclude>
    <ClInclude Include="..\..\Src\Lib\WWVegas\WWMath\wwmathids.h">
      <Filter>Includes</Filter>
    </ClInclude>
  </ItemGroup>
  <ItemGroup>
    <Filter Include="Source">
      <UniqueIdentifier>{cdb55461-4b03-4649-b825-c6fc090e1528}</UniqueIdentifier>
    </Filter>
    <Filter Include="Includes">
      <UniqueIdentifier>{eb6e24d2-56c3-4f55-9e9e-c0b229d8b135}</UniqueIdentifier>
    </Filter>
  </ItemGroup>
</Project>