<?xml version="1.0" encoding="utf-8"?>
<Project ToolsVersion="4.0" xmlns="http://schemas.microsoft.com/developer/msbuild/2003">
  <ItemGroup>
    <ClCompile Include="..\..\Src\Lib\WWVegas\WWUtil\miscutil.cpp">
      <Filter>Source</Filter>
    </ClCompile>
    <ClCompile Include="..\..\Src\Lib\WWVegas\WWUtil\mathutil.cpp">
      <Filter>Source</Filter>
    </ClCompile>
  </ItemGroup>
  <ItemGroup>
    <ClInclude Include="..\..\Src\Lib\WWVegas\WWUtil\miscutil.h">
      <Filter>Includes</Filter>
    </ClInclude>
    <ClInclude Include="..\..\Src\Lib\WWVegas\WWUtil\mathutil.h">
      <Filter>Includes</Filter>
    </ClInclude>
  </ItemGroup>
  <ItemGroup>
    <Filter Include="Includes">
      <UniqueIdentifier>{9cdc928e-0222-4e85-94b1-7cdec041fcdc}</UniqueIdentifier>
    </Filter>
    <Filter Include="Source">
      <UniqueIdentifier>{28babe7a-92b2-40c9-a63e-e984df810581}</UniqueIdentifier>
    </Filter>
  </ItemGroup>
</Project>